// !$*UTF8*$!
{
	archiveVersion = 1;
	classes = {
	};
	objectVersion = 46;
	objects = {

/* Begin PBXBuildFile section */
		1E7191C12321BBD3A2FB1628 /* libPods.a in Frameworks */ = {isa = PBXBuildFile; fileRef = 131FE8C3406C9435454CC243 /* libPods.a */; };
		B93E82081C7F001B00C38211 /* PLBaseViewController.m in Sources */ = {isa = PBXBuildFile; fileRef = B93E817D1C7F001A00C38211 /* PLBaseViewController.m */; };
		B93E82091C7F001B00C38211 /* PLPaymentViewController.m in Sources */ = {isa = PBXBuildFile; fileRef = B93E817F1C7F001A00C38211 /* PLPaymentViewController.m */; };
		B93E820A1C7F001B00C38211 /* PLActivateModel.m in Sources */ = {isa = PBXBuildFile; fileRef = B93E81821C7F001A00C38211 /* PLActivateModel.m */; };
		B93E820B1C7F001B00C38211 /* PLEncryptedURLRequest.m in Sources */ = {isa = PBXBuildFile; fileRef = B93E81841C7F001A00C38211 /* PLEncryptedURLRequest.m */; };
		B93E820C1C7F001B00C38211 /* PLPaymentModel.m in Sources */ = {isa = PBXBuildFile; fileRef = B93E81871C7F001B00C38211 /* PLPaymentModel.m */; };
		B93E820D1C7F001B00C38211 /* PLProgram.m in Sources */ = {isa = PBXBuildFile; fileRef = B93E81891C7F001B00C38211 /* PLProgram.m */; };
		B93E820E1C7F001B00C38211 /* PLSystemConfig.m in Sources */ = {isa = PBXBuildFile; fileRef = B93E818B1C7F001B00C38211 /* PLSystemConfig.m */; };
		B93E820F1C7F001B00C38211 /* PLSystemConfigModel.m in Sources */ = {isa = PBXBuildFile; fileRef = B93E818D1C7F001B00C38211 /* PLSystemConfigModel.m */; };
		B93E82101C7F001B00C38211 /* PLURLRequest.m in Sources */ = {isa = PBXBuildFile; fileRef = B93E818F1C7F001B00C38211 /* PLURLRequest.m */; };
		B93E82111C7F001B00C38211 /* PLURLResponse.m in Sources */ = {isa = PBXBuildFile; fileRef = B93E81911C7F001B00C38211 /* PLURLResponse.m */; };
		B93E82121C7F001B00C38211 /* PLUserAccessModel.m in Sources */ = {isa = PBXBuildFile; fileRef = B93E81931C7F001B00C38211 /* PLUserAccessModel.m */; };
		B93E82131C7F001B00C38211 /* PLWeChatPayQueryOrderRequest.m in Sources */ = {isa = PBXBuildFile; fileRef = B93E81951C7F001B00C38211 /* PLWeChatPayQueryOrderRequest.m */; };
		B93E82141C7F001B00C38211 /* PLPaymentPopView.m in Sources */ = {isa = PBXBuildFile; fileRef = B93E81981C7F001B00C38211 /* PLPaymentPopView.m */; };
		B93E82151C7F001B00C38211 /* PLPhotoBrowser.m in Sources */ = {isa = PBXBuildFile; fileRef = B93E819D1C7F001B00C38211 /* PLPhotoBrowser.m */; };
		B93E82161C7F001B00C38211 /* PLPhotoChannelPopupMenuController.m in Sources */ = {isa = PBXBuildFile; fileRef = B93E819F1C7F001B00C38211 /* PLPhotoChannelPopupMenuController.m */; };
		B93E82171C7F001B00C38211 /* PLPhotoViewController.m in Sources */ = {isa = PBXBuildFile; fileRef = B93E81A11C7F001B00C38211 /* PLPhotoViewController.m */; };
		B93E82181C7F001B00C38211 /* PLPopupMenuController.m in Sources */ = {isa = PBXBuildFile; fileRef = B93E81A31C7F001B00C38211 /* PLPopupMenuController.m */; };
		B93E82191C7F001B00C38211 /* PLChannelProgram.m in Sources */ = {isa = PBXBuildFile; fileRef = B93E81A61C7F001B00C38211 /* PLChannelProgram.m */; };
		B93E821A1C7F001B00C38211 /* PLChannelProgramModel.m in Sources */ = {isa = PBXBuildFile; fileRef = B93E81A81C7F001B00C38211 /* PLChannelProgramModel.m */; };
		B93E821B1C7F001B00C38211 /* PLPhotoChannel.m in Sources */ = {isa = PBXBuildFile; fileRef = B93E81AA1C7F001B00C38211 /* PLPhotoChannel.m */; };
		B93E821C1C7F001B00C38211 /* PLPhotoChannelModel.m in Sources */ = {isa = PBXBuildFile; fileRef = B93E81AC1C7F001B00C38211 /* PLPhotoChannelModel.m */; };
		B93E821D1C7F001B00C38211 /* PLProgramUrlModel.m in Sources */ = {isa = PBXBuildFile; fileRef = B93E81AE1C7F001B00C38211 /* PLProgramUrlModel.m */; };
		B93E821E1C7F001B00C38211 /* PLPhotoCell.m in Sources */ = {isa = PBXBuildFile; fileRef = B93E81B11C7F001B00C38211 /* PLPhotoCell.m */; };
		B93E821F1C7F001B00C38211 /* PLPhotoNavigationTitleView.m in Sources */ = {isa = PBXBuildFile; fileRef = B93E81B31C7F001B00C38211 /* PLPhotoNavigationTitleView.m */; };
		B93E82201C7F001B00C38211 /* PLPopupMenuButton.m in Sources */ = {isa = PBXBuildFile; fileRef = B93E81B51C7F001B00C38211 /* PLPopupMenuButton.m */; };
		B93E82211C7F001B00C38211 /* PLPaymentInfo.m in Sources */ = {isa = PBXBuildFile; fileRef = B93E81B81C7F001B00C38211 /* PLPaymentInfo.m */; };
		B93E82221C7F001B00C38211 /* PLSettingViewController.m in Sources */ = {isa = PBXBuildFile; fileRef = B93E81BC1C7F001B00C38211 /* PLSettingViewController.m */; };
		B93E82231C7F001B00C38211 /* PLChannelLockView.m in Sources */ = {isa = PBXBuildFile; fileRef = B93E81BF1C7F001B00C38211 /* PLChannelLockView.m */; };
		B93E82241C7F001B00C38211 /* PLSettingChannelLockScrollView.m in Sources */ = {isa = PBXBuildFile; fileRef = B93E81C11C7F001B00C38211 /* PLSettingChannelLockScrollView.m */; };
		B93E82251C7F001B00C38211 /* NSDictionary+PLSign.m in Sources */ = {isa = PBXBuildFile; fileRef = B93E81C51C7F001B00C38211 /* NSDictionary+PLSign.m */; };
		B93E82261C7F001B00C38211 /* NSMutableDictionary+SafeCoding.m in Sources */ = {isa = PBXBuildFile; fileRef = B93E81C71C7F001B00C38211 /* NSMutableDictionary+SafeCoding.m */; };
		B93E82271C7F001B00C38211 /* NSObject+Properties.m in Sources */ = {isa = PBXBuildFile; fileRef = B93E81C91C7F001B00C38211 /* NSObject+Properties.m */; };
		B93E82281C7F001B00C38211 /* NSString+crypt.m in Sources */ = {isa = PBXBuildFile; fileRef = B93E81CB1C7F001B00C38211 /* NSString+crypt.m */; };
		B93E82291C7F001B00C38211 /* NSString+md5.m in Sources */ = {isa = PBXBuildFile; fileRef = B93E81CD1C7F001B00C38211 /* NSString+md5.m */; };
		B93E822A1C7F001B00C38211 /* UIColor+hexColor.m in Sources */ = {isa = PBXBuildFile; fileRef = B93E81CF1C7F001B00C38211 /* UIColor+hexColor.m */; };
		B93E822B1C7F001B00C38211 /* UIImage+Grayish.m in Sources */ = {isa = PBXBuildFile; fileRef = B93E81D11C7F001B00C38211 /* UIImage+Grayish.m */; };
		B93E822C1C7F001B00C38211 /* UIView+PLDim.m in Sources */ = {isa = PBXBuildFile; fileRef = B93E81D31C7F001B00C38211 /* UIView+PLDim.m */; };
		B93E822D1C7F001B00C38211 /* UIView+PLLoading.m in Sources */ = {isa = PBXBuildFile; fileRef = B93E81D51C7F001B00C38211 /* UIView+PLLoading.m */; };
		B93E822E1C7F001B00C38211 /* PLConfig.m in Sources */ = {isa = PBXBuildFile; fileRef = B93E81D71C7F001B00C38211 /* PLConfig.m */; };
		B93E822F1C7F001B00C38211 /* PLErrorHandler.m in Sources */ = {isa = PBXBuildFile; fileRef = B93E81D91C7F001B00C38211 /* PLErrorHandler.m */; };
		B93E82301C7F001B00C38211 /* PLHudManager.m in Sources */ = {isa = PBXBuildFile; fileRef = B93E81DC1C7F001B00C38211 /* PLHudManager.m */; };
		B93E82311C7F001B00C38211 /* PLPaymentUtil.m in Sources */ = {isa = PBXBuildFile; fileRef = B93E81DE1C7F001B00C38211 /* PLPaymentUtil.m */; };
		B93E82321C7F001B00C38211 /* PLStatistics.m in Sources */ = {isa = PBXBuildFile; fileRef = B93E81E01C7F001B00C38211 /* PLStatistics.m */; };
		B93E82331C7F001B00C38211 /* PLUtil.m in Sources */ = {isa = PBXBuildFile; fileRef = B93E81E21C7F001B00C38211 /* PLUtil.m */; };
		B93E82341C7F001B00C38211 /* RACEXTRuntimeExtensions.m in Sources */ = {isa = PBXBuildFile; fileRef = B93E81E61C7F001B00C38211 /* RACEXTRuntimeExtensions.m */; };
		B93E82351C7F001B00C38211 /* ApiXml.mm in Sources */ = {isa = PBXBuildFile; fileRef = B93E81EB1C7F001B00C38211 /* ApiXml.mm */; };
		B93E82361C7F001B00C38211 /* payRequsestHandler.mm in Sources */ = {isa = PBXBuildFile; fileRef = B93E81ED1C7F001B00C38211 /* payRequsestHandler.mm */; };
		B93E82371C7F001B00C38211 /* WeChatPayManager.m in Sources */ = {isa = PBXBuildFile; fileRef = B93E81EF1C7F001B00C38211 /* WeChatPayManager.m */; };
		B93E82381C7F001B00C38211 /* WXUtil.mm in Sources */ = {isa = PBXBuildFile; fileRef = B93E81F11C7F001B00C38211 /* WXUtil.mm */; };
		B93E82391C7F001B00C38211 /* libMobClickLibrary.a in Frameworks */ = {isa = PBXBuildFile; fileRef = B93E81F41C7F001B00C38211 /* libMobClickLibrary.a */; };
		B93E823A1C7F001B00C38211 /* libWeChatSDK.a in Frameworks */ = {isa = PBXBuildFile; fileRef = B93E81F81C7F001B00C38211 /* libWeChatSDK.a */; };
		B93E823B1C7F001B00C38211 /* PLVideoViewController.m in Sources */ = {isa = PBXBuildFile; fileRef = B93E81FF1C7F001B00C38211 /* PLVideoViewController.m */; };
		B93E823C1C7F001B00C38211 /* PLVideo.m in Sources */ = {isa = PBXBuildFile; fileRef = B93E82021C7F001B00C38211 /* PLVideo.m */; };
		B93E823D1C7F001B00C38211 /* PLVideoModel.m in Sources */ = {isa = PBXBuildFile; fileRef = B93E82041C7F001B00C38211 /* PLVideoModel.m */; };
		B93E823E1C7F001B00C38211 /* PLVideoCell.m in Sources */ = {isa = PBXBuildFile; fileRef = B93E82071C7F001B00C38211 /* PLVideoCell.m */; };
		B93E82441C7F014500C38211 /* PLFreeViewController.m in Sources */ = {isa = PBXBuildFile; fileRef = B93E82431C7F014500C38211 /* PLFreeViewController.m */; };
		B93E82471C7F039F00C38211 /* PLCollectionViewLayout.m in Sources */ = {isa = PBXBuildFile; fileRef = B93E82461C7F039F00C38211 /* PLCollectionViewLayout.m */; };
		B93E824B1C7FF54F00C38211 /* UIScrollView+Refish.m in Sources */ = {isa = PBXBuildFile; fileRef = B93E824A1C7FF54F00C38211 /* UIScrollView+Refish.m */; };
		B93E82571C8054BB00C38211 /* PLFreePhoto.m in Sources */ = {isa = PBXBuildFile; fileRef = B93E82561C8054BB00C38211 /* PLFreePhoto.m */; };
		B93E825A1C8054F100C38211 /* PLFreePhotoModel.m in Sources */ = {isa = PBXBuildFile; fileRef = B93E82591C8054F100C38211 /* PLFreePhotoModel.m */; };
		B93E825D1C817D0100C38211 /* FreePhotoCell.m in Sources */ = {isa = PBXBuildFile; fileRef = B93E825C1C817D0100C38211 /* FreePhotoCell.m */; };
		BC27E3741C1FBC7200BCD6FD /* WebKit.framework in Frameworks */ = {isa = PBXBuildFile; fileRef = BC27E3731C1FBC7200BCD6FD /* WebKit.framework */; };
		BC27E3761C1FBC8B00BCD6FD /* CoreMotion.framework in Frameworks */ = {isa = PBXBuildFile; fileRef = BC27E3751C1FBC8B00BCD6FD /* CoreMotion.framework */; };
		BC27E3781C1FBC9700BCD6FD /* AdSupport.framework in Frameworks */ = {isa = PBXBuildFile; fileRef = BC27E3771C1FBC9700BCD6FD /* AdSupport.framework */; };
		BC5A6E741C326880006AD77A /* StoreKit.framework in Frameworks */ = {isa = PBXBuildFile; fileRef = BC5A6E731C326880006AD77A /* StoreKit.framework */; };
		BCB1AF521C0D51E6008AA006 /* main.m in Sources */ = {isa = PBXBuildFile; fileRef = BCB1AF511C0D51E6008AA006 /* main.m */; };
		BCB1AF5D1C0D51E6008AA006 /* Assets.xcassets in Resources */ = {isa = PBXBuildFile; fileRef = BCB1AF5C1C0D51E6008AA006 /* Assets.xcassets */; };
		BCB1AF601C0D51E6008AA006 /* LaunchScreen.storyboard in Resources */ = {isa = PBXBuildFile; fileRef = BCB1AF5E1C0D51E6008AA006 /* LaunchScreen.storyboard */; };
		BCB1AF6B1C0D51E6008AA006 /* PhotoLibraryTests.m in Sources */ = {isa = PBXBuildFile; fileRef = BCB1AF6A1C0D51E6008AA006 /* PhotoLibraryTests.m */; };
		BCB1AF761C0D51E6008AA006 /* PhotoLibraryUITests.m in Sources */ = {isa = PBXBuildFile; fileRef = BCB1AF751C0D51E6008AA006 /* PhotoLibraryUITests.m */; };
		BCB1AF861C0D529A008AA006 /* PLAppDelegate.m in Sources */ = {isa = PBXBuildFile; fileRef = BCB1AF841C0D529A008AA006 /* PLAppDelegate.m */; };
		BCB1AFD21C0D53DE008AA006 /* SystemConfiguration.framework in Frameworks */ = {isa = PBXBuildFile; fileRef = BCB1AFD11C0D53DE008AA006 /* SystemConfiguration.framework */; };
		BCB1AFD41C0D53E8008AA006 /* CoreTelephony.framework in Frameworks */ = {isa = PBXBuildFile; fileRef = BCB1AFD31C0D53E8008AA006 /* CoreTelephony.framework */; };
		BCB1AFD61C0D53F0008AA006 /* AVFoundation.framework in Frameworks */ = {isa = PBXBuildFile; fileRef = BCB1AFD51C0D53F0008AA006 /* AVFoundation.framework */; };
		BCB1AFD81C0D53F6008AA006 /* libz.tbd in Frameworks */ = {isa = PBXBuildFile; fileRef = BCB1AFD71C0D53F6008AA006 /* libz.tbd */; };
		BCB1AFDA1C0D53FF008AA006 /* libc++.tbd in Frameworks */ = {isa = PBXBuildFile; fileRef = BCB1AFD91C0D53FF008AA006 /* libc++.tbd */; };
		BCB1AFDC1C0D5408008AA006 /* libsqlite3.tbd in Frameworks */ = {isa = PBXBuildFile; fileRef = BCB1AFDB1C0D5408008AA006 /* libsqlite3.tbd */; };
		BCB1B0511C0D9488008AA006 /* config.plist in Resources */ = {isa = PBXBuildFile; fileRef = BCB1B0501C0D9488008AA006 /* config.plist */; };
		BCB1B0531C0D95F2008AA006 /* config-back.plist in Resources */ = {isa = PBXBuildFile; fileRef = BCB1B0521C0D95F2008AA006 /* config-back.plist */; };
/* End PBXBuildFile section */

/* Begin PBXContainerItemProxy section */
		BCB1AF671C0D51E6008AA006 /* PBXContainerItemProxy */ = {
			isa = PBXContainerItemProxy;
			containerPortal = BCB1AF451C0D51E6008AA006 /* Project object */;
			proxyType = 1;
			remoteGlobalIDString = BCB1AF4C1C0D51E6008AA006;
			remoteInfo = PhotoLibrary;
		};
		BCB1AF721C0D51E6008AA006 /* PBXContainerItemProxy */ = {
			isa = PBXContainerItemProxy;
			containerPortal = BCB1AF451C0D51E6008AA006 /* Project object */;
			proxyType = 1;
			remoteGlobalIDString = BCB1AF4C1C0D51E6008AA006;
			remoteInfo = PhotoLibrary;
		};
/* End PBXContainerItemProxy section */

/* Begin PBXFileReference section */
		131FE8C3406C9435454CC243 /* libPods.a */ = {isa = PBXFileReference; explicitFileType = archive.ar; includeInIndex = 0; path = libPods.a; sourceTree = BUILT_PRODUCTS_DIR; };
		363CED1C18E7752E94C8DE41 /* Pods.release.xcconfig */ = {isa = PBXFileReference; includeInIndex = 1; lastKnownFileType = text.xcconfig; name = Pods.release.xcconfig; path = "Pods/Target Support Files/Pods/Pods.release.xcconfig"; sourceTree = "<group>"; };
		6190DA3EA12EE267700612AB /* Pods.debug.xcconfig */ = {isa = PBXFileReference; includeInIndex = 1; lastKnownFileType = text.xcconfig; name = Pods.debug.xcconfig; path = "Pods/Target Support Files/Pods/Pods.debug.xcconfig"; sourceTree = "<group>"; };
		B93E817C1C7F001A00C38211 /* PLBaseViewController.h */ = {isa = PBXFileReference; fileEncoding = 4; lastKnownFileType = sourcecode.c.h; path = PLBaseViewController.h; sourceTree = "<group>"; };
		B93E817D1C7F001A00C38211 /* PLBaseViewController.m */ = {isa = PBXFileReference; fileEncoding = 4; lastKnownFileType = sourcecode.c.objc; path = PLBaseViewController.m; sourceTree = "<group>"; };
		B93E817E1C7F001A00C38211 /* PLPaymentViewController.h */ = {isa = PBXFileReference; fileEncoding = 4; lastKnownFileType = sourcecode.c.h; path = PLPaymentViewController.h; sourceTree = "<group>"; };
		B93E817F1C7F001A00C38211 /* PLPaymentViewController.m */ = {isa = PBXFileReference; fileEncoding = 4; lastKnownFileType = sourcecode.c.objc; path = PLPaymentViewController.m; sourceTree = "<group>"; };
		B93E81811C7F001A00C38211 /* PLActivateModel.h */ = {isa = PBXFileReference; fileEncoding = 4; lastKnownFileType = sourcecode.c.h; path = PLActivateModel.h; sourceTree = "<group>"; };
		B93E81821C7F001A00C38211 /* PLActivateModel.m */ = {isa = PBXFileReference; fileEncoding = 4; lastKnownFileType = sourcecode.c.objc; path = PLActivateModel.m; sourceTree = "<group>"; };
		B93E81831C7F001A00C38211 /* PLEncryptedURLRequest.h */ = {isa = PBXFileReference; fileEncoding = 4; lastKnownFileType = sourcecode.c.h; path = PLEncryptedURLRequest.h; sourceTree = "<group>"; };
		B93E81841C7F001A00C38211 /* PLEncryptedURLRequest.m */ = {isa = PBXFileReference; fileEncoding = 4; lastKnownFileType = sourcecode.c.objc; path = PLEncryptedURLRequest.m; sourceTree = "<group>"; };
		B93E81851C7F001A00C38211 /* PLPayable.h */ = {isa = PBXFileReference; fileEncoding = 4; lastKnownFileType = sourcecode.c.h; path = PLPayable.h; sourceTree = "<group>"; };
		B93E81861C7F001B00C38211 /* PLPaymentModel.h */ = {isa = PBXFileReference; fileEncoding = 4; lastKnownFileType = sourcecode.c.h; path = PLPaymentModel.h; sourceTree = "<group>"; };
		B93E81871C7F001B00C38211 /* PLPaymentModel.m */ = {isa = PBXFileReference; fileEncoding = 4; lastKnownFileType = sourcecode.c.objc; path = PLPaymentModel.m; sourceTree = "<group>"; };
		B93E81881C7F001B00C38211 /* PLProgram.h */ = {isa = PBXFileReference; fileEncoding = 4; lastKnownFileType = sourcecode.c.h; path = PLProgram.h; sourceTree = "<group>"; };
		B93E81891C7F001B00C38211 /* PLProgram.m */ = {isa = PBXFileReference; fileEncoding = 4; lastKnownFileType = sourcecode.c.objc; path = PLProgram.m; sourceTree = "<group>"; };
		B93E818A1C7F001B00C38211 /* PLSystemConfig.h */ = {isa = PBXFileReference; fileEncoding = 4; lastKnownFileType = sourcecode.c.h; path = PLSystemConfig.h; sourceTree = "<group>"; };
		B93E818B1C7F001B00C38211 /* PLSystemConfig.m */ = {isa = PBXFileReference; fileEncoding = 4; lastKnownFileType = sourcecode.c.objc; path = PLSystemConfig.m; sourceTree = "<group>"; };
		B93E818C1C7F001B00C38211 /* PLSystemConfigModel.h */ = {isa = PBXFileReference; fileEncoding = 4; lastKnownFileType = sourcecode.c.h; path = PLSystemConfigModel.h; sourceTree = "<group>"; };
		B93E818D1C7F001B00C38211 /* PLSystemConfigModel.m */ = {isa = PBXFileReference; fileEncoding = 4; lastKnownFileType = sourcecode.c.objc; path = PLSystemConfigModel.m; sourceTree = "<group>"; };
		B93E818E1C7F001B00C38211 /* PLURLRequest.h */ = {isa = PBXFileReference; fileEncoding = 4; lastKnownFileType = sourcecode.c.h; path = PLURLRequest.h; sourceTree = "<group>"; };
		B93E818F1C7F001B00C38211 /* PLURLRequest.m */ = {isa = PBXFileReference; fileEncoding = 4; lastKnownFileType = sourcecode.c.objc; path = PLURLRequest.m; sourceTree = "<group>"; };
		B93E81901C7F001B00C38211 /* PLURLResponse.h */ = {isa = PBXFileReference; fileEncoding = 4; lastKnownFileType = sourcecode.c.h; path = PLURLResponse.h; sourceTree = "<group>"; };
		B93E81911C7F001B00C38211 /* PLURLResponse.m */ = {isa = PBXFileReference; fileEncoding = 4; lastKnownFileType = sourcecode.c.objc; path = PLURLResponse.m; sourceTree = "<group>"; };
		B93E81921C7F001B00C38211 /* PLUserAccessModel.h */ = {isa = PBXFileReference; fileEncoding = 4; lastKnownFileType = sourcecode.c.h; path = PLUserAccessModel.h; sourceTree = "<group>"; };
		B93E81931C7F001B00C38211 /* PLUserAccessModel.m */ = {isa = PBXFileReference; fileEncoding = 4; lastKnownFileType = sourcecode.c.objc; path = PLUserAccessModel.m; sourceTree = "<group>"; };
		B93E81941C7F001B00C38211 /* PLWeChatPayQueryOrderRequest.h */ = {isa = PBXFileReference; fileEncoding = 4; lastKnownFileType = sourcecode.c.h; path = PLWeChatPayQueryOrderRequest.h; sourceTree = "<group>"; };
		B93E81951C7F001B00C38211 /* PLWeChatPayQueryOrderRequest.m */ = {isa = PBXFileReference; fileEncoding = 4; lastKnownFileType = sourcecode.c.objc; path = PLWeChatPayQueryOrderRequest.m; sourceTree = "<group>"; };
		B93E81971C7F001B00C38211 /* PLPaymentPopView.h */ = {isa = PBXFileReference; fileEncoding = 4; lastKnownFileType = sourcecode.c.h; path = PLPaymentPopView.h; sourceTree = "<group>"; };
		B93E81981C7F001B00C38211 /* PLPaymentPopView.m */ = {isa = PBXFileReference; fileEncoding = 4; lastKnownFileType = sourcecode.c.objc; path = PLPaymentPopView.m; sourceTree = "<group>"; };
		B93E819C1C7F001B00C38211 /* PLPhotoBrowser.h */ = {isa = PBXFileReference; fileEncoding = 4; lastKnownFileType = sourcecode.c.h; path = PLPhotoBrowser.h; sourceTree = "<group>"; };
		B93E819D1C7F001B00C38211 /* PLPhotoBrowser.m */ = {isa = PBXFileReference; fileEncoding = 4; lastKnownFileType = sourcecode.c.objc; path = PLPhotoBrowser.m; sourceTree = "<group>"; };
		B93E819E1C7F001B00C38211 /* PLPhotoChannelPopupMenuController.h */ = {isa = PBXFileReference; fileEncoding = 4; lastKnownFileType = sourcecode.c.h; path = PLPhotoChannelPopupMenuController.h; sourceTree = "<group>"; };
		B93E819F1C7F001B00C38211 /* PLPhotoChannelPopupMenuController.m */ = {isa = PBXFileReference; fileEncoding = 4; lastKnownFileType = sourcecode.c.objc; path = PLPhotoChannelPopupMenuController.m; sourceTree = "<group>"; };
		B93E81A01C7F001B00C38211 /* PLPhotoViewController.h */ = {isa = PBXFileReference; fileEncoding = 4; lastKnownFileType = sourcecode.c.h; path = PLPhotoViewController.h; sourceTree = "<group>"; };
		B93E81A11C7F001B00C38211 /* PLPhotoViewController.m */ = {isa = PBXFileReference; fileEncoding = 4; lastKnownFileType = sourcecode.c.objc; path = PLPhotoViewController.m; sourceTree = "<group>"; };
		B93E81A21C7F001B00C38211 /* PLPopupMenuController.h */ = {isa = PBXFileReference; fileEncoding = 4; lastKnownFileType = sourcecode.c.h; path = PLPopupMenuController.h; sourceTree = "<group>"; };
		B93E81A31C7F001B00C38211 /* PLPopupMenuController.m */ = {isa = PBXFileReference; fileEncoding = 4; lastKnownFileType = sourcecode.c.objc; path = PLPopupMenuController.m; sourceTree = "<group>"; };
		B93E81A51C7F001B00C38211 /* PLChannelProgram.h */ = {isa = PBXFileReference; fileEncoding = 4; lastKnownFileType = sourcecode.c.h; path = PLChannelProgram.h; sourceTree = "<group>"; };
		B93E81A61C7F001B00C38211 /* PLChannelProgram.m */ = {isa = PBXFileReference; fileEncoding = 4; lastKnownFileType = sourcecode.c.objc; path = PLChannelProgram.m; sourceTree = "<group>"; };
		B93E81A71C7F001B00C38211 /* PLChannelProgramModel.h */ = {isa = PBXFileReference; fileEncoding = 4; lastKnownFileType = sourcecode.c.h; path = PLChannelProgramModel.h; sourceTree = "<group>"; };
		B93E81A81C7F001B00C38211 /* PLChannelProgramModel.m */ = {isa = PBXFileReference; fileEncoding = 4; lastKnownFileType = sourcecode.c.objc; path = PLChannelProgramModel.m; sourceTree = "<group>"; };
		B93E81A91C7F001B00C38211 /* PLPhotoChannel.h */ = {isa = PBXFileReference; fileEncoding = 4; lastKnownFileType = sourcecode.c.h; path = PLPhotoChannel.h; sourceTree = "<group>"; };
		B93E81AA1C7F001B00C38211 /* PLPhotoChannel.m */ = {isa = PBXFileReference; fileEncoding = 4; lastKnownFileType = sourcecode.c.objc; path = PLPhotoChannel.m; sourceTree = "<group>"; };
		B93E81AB1C7F001B00C38211 /* PLPhotoChannelModel.h */ = {isa = PBXFileReference; fileEncoding = 4; lastKnownFileType = sourcecode.c.h; path = PLPhotoChannelModel.h; sourceTree = "<group>"; };
		B93E81AC1C7F001B00C38211 /* PLPhotoChannelModel.m */ = {isa = PBXFileReference; fileEncoding = 4; lastKnownFileType = sourcecode.c.objc; path = PLPhotoChannelModel.m; sourceTree = "<group>"; };
		B93E81AD1C7F001B00C38211 /* PLProgramUrlModel.h */ = {isa = PBXFileReference; fileEncoding = 4; lastKnownFileType = sourcecode.c.h; path = PLProgramUrlModel.h; sourceTree = "<group>"; };
		B93E81AE1C7F001B00C38211 /* PLProgramUrlModel.m */ = {isa = PBXFileReference; fileEncoding = 4; lastKnownFileType = sourcecode.c.objc; path = PLProgramUrlModel.m; sourceTree = "<group>"; };
		B93E81B01C7F001B00C38211 /* PLPhotoCell.h */ = {isa = PBXFileReference; fileEncoding = 4; lastKnownFileType = sourcecode.c.h; path = PLPhotoCell.h; sourceTree = "<group>"; };
		B93E81B11C7F001B00C38211 /* PLPhotoCell.m */ = {isa = PBXFileReference; fileEncoding = 4; lastKnownFileType = sourcecode.c.objc; path = PLPhotoCell.m; sourceTree = "<group>"; };
		B93E81B21C7F001B00C38211 /* PLPhotoNavigationTitleView.h */ = {isa = PBXFileReference; fileEncoding = 4; lastKnownFileType = sourcecode.c.h; path = PLPhotoNavigationTitleView.h; sourceTree = "<group>"; };
		B93E81B31C7F001B00C38211 /* PLPhotoNavigationTitleView.m */ = {isa = PBXFileReference; fileEncoding = 4; lastKnownFileType = sourcecode.c.objc; path = PLPhotoNavigationTitleView.m; sourceTree = "<group>"; };
		B93E81B41C7F001B00C38211 /* PLPopupMenuButton.h */ = {isa = PBXFileReference; fileEncoding = 4; lastKnownFileType = sourcecode.c.h; path = PLPopupMenuButton.h; sourceTree = "<group>"; };
		B93E81B51C7F001B00C38211 /* PLPopupMenuButton.m */ = {isa = PBXFileReference; fileEncoding = 4; lastKnownFileType = sourcecode.c.objc; path = PLPopupMenuButton.m; sourceTree = "<group>"; };
		B93E81B71C7F001B00C38211 /* PLPaymentInfo.h */ = {isa = PBXFileReference; fileEncoding = 4; lastKnownFileType = sourcecode.c.h; path = PLPaymentInfo.h; sourceTree = "<group>"; };
		B93E81B81C7F001B00C38211 /* PLPaymentInfo.m */ = {isa = PBXFileReference; fileEncoding = 4; lastKnownFileType = sourcecode.c.objc; path = PLPaymentInfo.m; sourceTree = "<group>"; };
		B93E81BB1C7F001B00C38211 /* PLSettingViewController.h */ = {isa = PBXFileReference; fileEncoding = 4; lastKnownFileType = sourcecode.c.h; path = PLSettingViewController.h; sourceTree = "<group>"; };
		B93E81BC1C7F001B00C38211 /* PLSettingViewController.m */ = {isa = PBXFileReference; fileEncoding = 4; lastKnownFileType = sourcecode.c.objc; path = PLSettingViewController.m; sourceTree = "<group>"; };
		B93E81BE1C7F001B00C38211 /* PLChannelLockView.h */ = {isa = PBXFileReference; fileEncoding = 4; lastKnownFileType = sourcecode.c.h; path = PLChannelLockView.h; sourceTree = "<group>"; };
		B93E81BF1C7F001B00C38211 /* PLChannelLockView.m */ = {isa = PBXFileReference; fileEncoding = 4; lastKnownFileType = sourcecode.c.objc; path = PLChannelLockView.m; sourceTree = "<group>"; };
		B93E81C01C7F001B00C38211 /* PLSettingChannelLockScrollView.h */ = {isa = PBXFileReference; fileEncoding = 4; lastKnownFileType = sourcecode.c.h; path = PLSettingChannelLockScrollView.h; sourceTree = "<group>"; };
		B93E81C11C7F001B00C38211 /* PLSettingChannelLockScrollView.m */ = {isa = PBXFileReference; fileEncoding = 4; lastKnownFileType = sourcecode.c.objc; path = PLSettingChannelLockScrollView.m; sourceTree = "<group>"; };
		B93E81C41C7F001B00C38211 /* NSDictionary+PLSign.h */ = {isa = PBXFileReference; fileEncoding = 4; lastKnownFileType = sourcecode.c.h; path = "NSDictionary+PLSign.h"; sourceTree = "<group>"; };
		B93E81C51C7F001B00C38211 /* NSDictionary+PLSign.m */ = {isa = PBXFileReference; fileEncoding = 4; lastKnownFileType = sourcecode.c.objc; path = "NSDictionary+PLSign.m"; sourceTree = "<group>"; };
		B93E81C61C7F001B00C38211 /* NSMutableDictionary+SafeCoding.h */ = {isa = PBXFileReference; fileEncoding = 4; lastKnownFileType = sourcecode.c.h; path = "NSMutableDictionary+SafeCoding.h"; sourceTree = "<group>"; };
		B93E81C71C7F001B00C38211 /* NSMutableDictionary+SafeCoding.m */ = {isa = PBXFileReference; fileEncoding = 4; lastKnownFileType = sourcecode.c.objc; path = "NSMutableDictionary+SafeCoding.m"; sourceTree = "<group>"; };
		B93E81C81C7F001B00C38211 /* NSObject+Properties.h */ = {isa = PBXFileReference; fileEncoding = 4; lastKnownFileType = sourcecode.c.h; path = "NSObject+Properties.h"; sourceTree = "<group>"; };
		B93E81C91C7F001B00C38211 /* NSObject+Properties.m */ = {isa = PBXFileReference; fileEncoding = 4; lastKnownFileType = sourcecode.c.objc; path = "NSObject+Properties.m"; sourceTree = "<group>"; };
		B93E81CA1C7F001B00C38211 /* NSString+crypt.h */ = {isa = PBXFileReference; fileEncoding = 4; lastKnownFileType = sourcecode.c.h; path = "NSString+crypt.h"; sourceTree = "<group>"; };
		B93E81CB1C7F001B00C38211 /* NSString+crypt.m */ = {isa = PBXFileReference; fileEncoding = 4; lastKnownFileType = sourcecode.c.objc; path = "NSString+crypt.m"; sourceTree = "<group>"; };
		B93E81CC1C7F001B00C38211 /* NSString+md5.h */ = {isa = PBXFileReference; fileEncoding = 4; lastKnownFileType = sourcecode.c.h; path = "NSString+md5.h"; sourceTree = "<group>"; };
		B93E81CD1C7F001B00C38211 /* NSString+md5.m */ = {isa = PBXFileReference; fileEncoding = 4; lastKnownFileType = sourcecode.c.objc; path = "NSString+md5.m"; sourceTree = "<group>"; };
		B93E81CE1C7F001B00C38211 /* UIColor+hexColor.h */ = {isa = PBXFileReference; fileEncoding = 4; lastKnownFileType = sourcecode.c.h; path = "UIColor+hexColor.h"; sourceTree = "<group>"; };
		B93E81CF1C7F001B00C38211 /* UIColor+hexColor.m */ = {isa = PBXFileReference; fileEncoding = 4; lastKnownFileType = sourcecode.c.objc; path = "UIColor+hexColor.m"; sourceTree = "<group>"; };
		B93E81D01C7F001B00C38211 /* UIImage+Grayish.h */ = {isa = PBXFileReference; fileEncoding = 4; lastKnownFileType = sourcecode.c.h; path = "UIImage+Grayish.h"; sourceTree = "<group>"; };
		B93E81D11C7F001B00C38211 /* UIImage+Grayish.m */ = {isa = PBXFileReference; fileEncoding = 4; lastKnownFileType = sourcecode.c.objc; path = "UIImage+Grayish.m"; sourceTree = "<group>"; };
		B93E81D21C7F001B00C38211 /* UIView+PLDim.h */ = {isa = PBXFileReference; fileEncoding = 4; lastKnownFileType = sourcecode.c.h; path = "UIView+PLDim.h"; sourceTree = "<group>"; };
		B93E81D31C7F001B00C38211 /* UIView+PLDim.m */ = {isa = PBXFileReference; fileEncoding = 4; lastKnownFileType = sourcecode.c.objc; path = "UIView+PLDim.m"; sourceTree = "<group>"; };
		B93E81D41C7F001B00C38211 /* UIView+PLLoading.h */ = {isa = PBXFileReference; fileEncoding = 4; lastKnownFileType = sourcecode.c.h; path = "UIView+PLLoading.h"; sourceTree = "<group>"; };
		B93E81D51C7F001B00C38211 /* UIView+PLLoading.m */ = {isa = PBXFileReference; fileEncoding = 4; lastKnownFileType = sourcecode.c.objc; path = "UIView+PLLoading.m"; sourceTree = "<group>"; };
		B93E81D61C7F001B00C38211 /* PLConfig.h */ = {isa = PBXFileReference; fileEncoding = 4; lastKnownFileType = sourcecode.c.h; path = PLConfig.h; sourceTree = "<group>"; };
		B93E81D71C7F001B00C38211 /* PLConfig.m */ = {isa = PBXFileReference; fileEncoding = 4; lastKnownFileType = sourcecode.c.objc; path = PLConfig.m; sourceTree = "<group>"; };
		B93E81D81C7F001B00C38211 /* PLErrorHandler.h */ = {isa = PBXFileReference; fileEncoding = 4; lastKnownFileType = sourcecode.c.h; path = PLErrorHandler.h; sourceTree = "<group>"; };
		B93E81D91C7F001B00C38211 /* PLErrorHandler.m */ = {isa = PBXFileReference; fileEncoding = 4; lastKnownFileType = sourcecode.c.objc; path = PLErrorHandler.m; sourceTree = "<group>"; };
		B93E81DA1C7F001B00C38211 /* PLExtensions.h */ = {isa = PBXFileReference; fileEncoding = 4; lastKnownFileType = sourcecode.c.h; path = PLExtensions.h; sourceTree = "<group>"; };
		B93E81DB1C7F001B00C38211 /* PLHudManager.h */ = {isa = PBXFileReference; fileEncoding = 4; lastKnownFileType = sourcecode.c.h; path = PLHudManager.h; sourceTree = "<group>"; };
		B93E81DC1C7F001B00C38211 /* PLHudManager.m */ = {isa = PBXFileReference; fileEncoding = 4; lastKnownFileType = sourcecode.c.objc; path = PLHudManager.m; sourceTree = "<group>"; };
		B93E81DD1C7F001B00C38211 /* PLPaymentUtil.h */ = {isa = PBXFileReference; fileEncoding = 4; lastKnownFileType = sourcecode.c.h; path = PLPaymentUtil.h; sourceTree = "<group>"; };
		B93E81DE1C7F001B00C38211 /* PLPaymentUtil.m */ = {isa = PBXFileReference; fileEncoding = 4; lastKnownFileType = sourcecode.c.objc; path = PLPaymentUtil.m; sourceTree = "<group>"; };
		B93E81DF1C7F001B00C38211 /* PLStatistics.h */ = {isa = PBXFileReference; fileEncoding = 4; lastKnownFileType = sourcecode.c.h; path = PLStatistics.h; sourceTree = "<group>"; };
		B93E81E01C7F001B00C38211 /* PLStatistics.m */ = {isa = PBXFileReference; fileEncoding = 4; lastKnownFileType = sourcecode.c.objc; path = PLStatistics.m; sourceTree = "<group>"; };
		B93E81E11C7F001B00C38211 /* PLUtil.h */ = {isa = PBXFileReference; fileEncoding = 4; lastKnownFileType = sourcecode.c.h; path = PLUtil.h; sourceTree = "<group>"; };
		B93E81E21C7F001B00C38211 /* PLUtil.m */ = {isa = PBXFileReference; fileEncoding = 4; lastKnownFileType = sourcecode.c.objc; path = PLUtil.m; sourceTree = "<group>"; };
		B93E81E41C7F001B00C38211 /* RACEXTKeyPathCoding.h */ = {isa = PBXFileReference; fileEncoding = 4; lastKnownFileType = sourcecode.c.h; path = RACEXTKeyPathCoding.h; sourceTree = "<group>"; };
		B93E81E51C7F001B00C38211 /* RACEXTRuntimeExtensions.h */ = {isa = PBXFileReference; fileEncoding = 4; lastKnownFileType = sourcecode.c.h; path = RACEXTRuntimeExtensions.h; sourceTree = "<group>"; };
		B93E81E61C7F001B00C38211 /* RACEXTRuntimeExtensions.m */ = {isa = PBXFileReference; fileEncoding = 4; lastKnownFileType = sourcecode.c.objc; path = RACEXTRuntimeExtensions.m; sourceTree = "<group>"; };
		B93E81E71C7F001B00C38211 /* RACEXTScope.h */ = {isa = PBXFileReference; fileEncoding = 4; lastKnownFileType = sourcecode.c.h; path = RACEXTScope.h; sourceTree = "<group>"; };
		B93E81E81C7F001B00C38211 /* RACmetamacros.h */ = {isa = PBXFileReference; fileEncoding = 4; lastKnownFileType = sourcecode.c.h; path = RACmetamacros.h; sourceTree = "<group>"; };
		B93E81EA1C7F001B00C38211 /* ApiXml.h */ = {isa = PBXFileReference; fileEncoding = 4; lastKnownFileType = sourcecode.c.h; path = ApiXml.h; sourceTree = "<group>"; };
		B93E81EB1C7F001B00C38211 /* ApiXml.mm */ = {isa = PBXFileReference; fileEncoding = 4; lastKnownFileType = sourcecode.cpp.objcpp; path = ApiXml.mm; sourceTree = "<group>"; };
		B93E81EC1C7F001B00C38211 /* payRequsestHandler.h */ = {isa = PBXFileReference; fileEncoding = 4; lastKnownFileType = sourcecode.c.h; path = payRequsestHandler.h; sourceTree = "<group>"; };
		B93E81ED1C7F001B00C38211 /* payRequsestHandler.mm */ = {isa = PBXFileReference; fileEncoding = 4; lastKnownFileType = sourcecode.cpp.objcpp; path = payRequsestHandler.mm; sourceTree = "<group>"; };
		B93E81EE1C7F001B00C38211 /* WeChatPayManager.h */ = {isa = PBXFileReference; fileEncoding = 4; lastKnownFileType = sourcecode.c.h; path = WeChatPayManager.h; sourceTree = "<group>"; };
		B93E81EF1C7F001B00C38211 /* WeChatPayManager.m */ = {isa = PBXFileReference; fileEncoding = 4; lastKnownFileType = sourcecode.c.objc; path = WeChatPayManager.m; sourceTree = "<group>"; };
		B93E81F01C7F001B00C38211 /* WXUtil.h */ = {isa = PBXFileReference; fileEncoding = 4; lastKnownFileType = sourcecode.c.h; path = WXUtil.h; sourceTree = "<group>"; };
		B93E81F11C7F001B00C38211 /* WXUtil.mm */ = {isa = PBXFileReference; fileEncoding = 4; lastKnownFileType = sourcecode.cpp.objcpp; path = WXUtil.mm; sourceTree = "<group>"; };
		B93E81F41C7F001B00C38211 /* libMobClickLibrary.a */ = {isa = PBXFileReference; lastKnownFileType = archive.ar; path = libMobClickLibrary.a; sourceTree = "<group>"; };
		B93E81F51C7F001B00C38211 /* MobClick.h */ = {isa = PBXFileReference; fileEncoding = 4; lastKnownFileType = sourcecode.c.h; path = MobClick.h; sourceTree = "<group>"; };
		B93E81F61C7F001B00C38211 /* MobClickSocialAnalytics.h */ = {isa = PBXFileReference; fileEncoding = 4; lastKnownFileType = sourcecode.c.h; path = MobClickSocialAnalytics.h; sourceTree = "<group>"; };
		B93E81F81C7F001B00C38211 /* libWeChatSDK.a */ = {isa = PBXFileReference; lastKnownFileType = archive.ar; path = libWeChatSDK.a; sourceTree = "<group>"; };
		B93E81F91C7F001B00C38211 /* WechatAuthSDK.h */ = {isa = PBXFileReference; fileEncoding = 4; lastKnownFileType = sourcecode.c.h; path = WechatAuthSDK.h; sourceTree = "<group>"; };
		B93E81FA1C7F001B00C38211 /* WXApi.h */ = {isa = PBXFileReference; fileEncoding = 4; lastKnownFileType = sourcecode.c.h; path = WXApi.h; sourceTree = "<group>"; };
		B93E81FB1C7F001B00C38211 /* WXApiObject.h */ = {isa = PBXFileReference; fileEncoding = 4; lastKnownFileType = sourcecode.c.h; path = WXApiObject.h; sourceTree = "<group>"; };
		B93E81FE1C7F001B00C38211 /* PLVideoViewController.h */ = {isa = PBXFileReference; fileEncoding = 4; lastKnownFileType = sourcecode.c.h; path = PLVideoViewController.h; sourceTree = "<group>"; };
		B93E81FF1C7F001B00C38211 /* PLVideoViewController.m */ = {isa = PBXFileReference; fileEncoding = 4; lastKnownFileType = sourcecode.c.objc; path = PLVideoViewController.m; sourceTree = "<group>"; };
		B93E82011C7F001B00C38211 /* PLVideo.h */ = {isa = PBXFileReference; fileEncoding = 4; lastKnownFileType = sourcecode.c.h; path = PLVideo.h; sourceTree = "<group>"; };
		B93E82021C7F001B00C38211 /* PLVideo.m */ = {isa = PBXFileReference; fileEncoding = 4; lastKnownFileType = sourcecode.c.objc; path = PLVideo.m; sourceTree = "<group>"; };
		B93E82031C7F001B00C38211 /* PLVideoModel.h */ = {isa = PBXFileReference; fileEncoding = 4; lastKnownFileType = sourcecode.c.h; path = PLVideoModel.h; sourceTree = "<group>"; };
		B93E82041C7F001B00C38211 /* PLVideoModel.m */ = {isa = PBXFileReference; fileEncoding = 4; lastKnownFileType = sourcecode.c.objc; path = PLVideoModel.m; sourceTree = "<group>"; };
		B93E82061C7F001B00C38211 /* PLVideoCell.h */ = {isa = PBXFileReference; fileEncoding = 4; lastKnownFileType = sourcecode.c.h; path = PLVideoCell.h; sourceTree = "<group>"; };
		B93E82071C7F001B00C38211 /* PLVideoCell.m */ = {isa = PBXFileReference; fileEncoding = 4; lastKnownFileType = sourcecode.c.objc; path = PLVideoCell.m; sourceTree = "<group>"; };
		B93E82421C7F014500C38211 /* PLFreeViewController.h */ = {isa = PBXFileReference; fileEncoding = 4; lastKnownFileType = sourcecode.c.h; path = PLFreeViewController.h; sourceTree = "<group>"; };
		B93E82431C7F014500C38211 /* PLFreeViewController.m */ = {isa = PBXFileReference; fileEncoding = 4; lastKnownFileType = sourcecode.c.objc; path = PLFreeViewController.m; sourceTree = "<group>"; };
		B93E82451C7F039F00C38211 /* PLCollectionViewLayout.h */ = {isa = PBXFileReference; fileEncoding = 4; lastKnownFileType = sourcecode.c.h; path = PLCollectionViewLayout.h; sourceTree = "<group>"; };
		B93E82461C7F039F00C38211 /* PLCollectionViewLayout.m */ = {isa = PBXFileReference; fileEncoding = 4; lastKnownFileType = sourcecode.c.objc; path = PLCollectionViewLayout.m; sourceTree = "<group>"; };
		B93E82491C7FF54F00C38211 /* UIScrollView+Refish.h */ = {isa = PBXFileReference; fileEncoding = 4; lastKnownFileType = sourcecode.c.h; path = "UIScrollView+Refish.h"; sourceTree = "<group>"; };
		B93E824A1C7FF54F00C38211 /* UIScrollView+Refish.m */ = {isa = PBXFileReference; fileEncoding = 4; lastKnownFileType = sourcecode.c.objc; path = "UIScrollView+Refish.m"; sourceTree = "<group>"; };
		B93E82551C8054BB00C38211 /* PLFreePhoto.h */ = {isa = PBXFileReference; fileEncoding = 4; lastKnownFileType = sourcecode.c.h; path = PLFreePhoto.h; sourceTree = "<group>"; };
		B93E82561C8054BB00C38211 /* PLFreePhoto.m */ = {isa = PBXFileReference; fileEncoding = 4; lastKnownFileType = sourcecode.c.objc; path = PLFreePhoto.m; sourceTree = "<group>"; };
		B93E82581C8054F100C38211 /* PLFreePhotoModel.h */ = {isa = PBXFileReference; fileEncoding = 4; lastKnownFileType = sourcecode.c.h; path = PLFreePhotoModel.h; sourceTree = "<group>"; };
		B93E82591C8054F100C38211 /* PLFreePhotoModel.m */ = {isa = PBXFileReference; fileEncoding = 4; lastKnownFileType = sourcecode.c.objc; path = PLFreePhotoModel.m; sourceTree = "<group>"; };
		B93E825B1C817D0100C38211 /* FreePhotoCell.h */ = {isa = PBXFileReference; fileEncoding = 4; lastKnownFileType = sourcecode.c.h; path = FreePhotoCell.h; sourceTree = "<group>"; };
		B93E825C1C817D0100C38211 /* FreePhotoCell.m */ = {isa = PBXFileReference; fileEncoding = 4; lastKnownFileType = sourcecode.c.objc; path = FreePhotoCell.m; sourceTree = "<group>"; };
		BC27E3731C1FBC7200BCD6FD /* WebKit.framework */ = {isa = PBXFileReference; lastKnownFileType = wrapper.framework; name = WebKit.framework; path = System/Library/Frameworks/WebKit.framework; sourceTree = SDKROOT; };
		BC27E3751C1FBC8B00BCD6FD /* CoreMotion.framework */ = {isa = PBXFileReference; lastKnownFileType = wrapper.framework; name = CoreMotion.framework; path = System/Library/Frameworks/CoreMotion.framework; sourceTree = SDKROOT; };
		BC27E3771C1FBC9700BCD6FD /* AdSupport.framework */ = {isa = PBXFileReference; lastKnownFileType = wrapper.framework; name = AdSupport.framework; path = System/Library/Frameworks/AdSupport.framework; sourceTree = SDKROOT; };
		BC5A6E731C326880006AD77A /* StoreKit.framework */ = {isa = PBXFileReference; lastKnownFileType = wrapper.framework; name = StoreKit.framework; path = System/Library/Frameworks/StoreKit.framework; sourceTree = SDKROOT; };
		BCB1AF4D1C0D51E6008AA006 /* PhotoLibrary.app */ = {isa = PBXFileReference; explicitFileType = wrapper.application; includeInIndex = 0; path = PhotoLibrary.app; sourceTree = BUILT_PRODUCTS_DIR; };
		BCB1AF511C0D51E6008AA006 /* main.m */ = {isa = PBXFileReference; lastKnownFileType = sourcecode.c.objc; path = main.m; sourceTree = "<group>"; };
		BCB1AF5C1C0D51E6008AA006 /* Assets.xcassets */ = {isa = PBXFileReference; lastKnownFileType = folder.assetcatalog; path = Assets.xcassets; sourceTree = "<group>"; };
		BCB1AF5F1C0D51E6008AA006 /* Base */ = {isa = PBXFileReference; lastKnownFileType = file.storyboard; name = Base; path = Base.lproj/LaunchScreen.storyboard; sourceTree = "<group>"; };
		BCB1AF611C0D51E6008AA006 /* Info.plist */ = {isa = PBXFileReference; lastKnownFileType = text.plist.xml; path = Info.plist; sourceTree = "<group>"; };
		BCB1AF661C0D51E6008AA006 /* PhotoLibraryTests.xctest */ = {isa = PBXFileReference; explicitFileType = wrapper.cfbundle; includeInIndex = 0; path = PhotoLibraryTests.xctest; sourceTree = BUILT_PRODUCTS_DIR; };
		BCB1AF6A1C0D51E6008AA006 /* PhotoLibraryTests.m */ = {isa = PBXFileReference; lastKnownFileType = sourcecode.c.objc; path = PhotoLibraryTests.m; sourceTree = "<group>"; };
		BCB1AF6C1C0D51E6008AA006 /* Info.plist */ = {isa = PBXFileReference; lastKnownFileType = text.plist.xml; path = Info.plist; sourceTree = "<group>"; };
		BCB1AF711C0D51E6008AA006 /* PhotoLibraryUITests.xctest */ = {isa = PBXFileReference; explicitFileType = wrapper.cfbundle; includeInIndex = 0; path = PhotoLibraryUITests.xctest; sourceTree = BUILT_PRODUCTS_DIR; };
		BCB1AF751C0D51E6008AA006 /* PhotoLibraryUITests.m */ = {isa = PBXFileReference; lastKnownFileType = sourcecode.c.objc; path = PhotoLibraryUITests.m; sourceTree = "<group>"; };
		BCB1AF771C0D51E6008AA006 /* Info.plist */ = {isa = PBXFileReference; lastKnownFileType = text.plist.xml; path = Info.plist; sourceTree = "<group>"; };
		BCB1AF831C0D529A008AA006 /* PLAppDelegate.h */ = {isa = PBXFileReference; fileEncoding = 4; lastKnownFileType = sourcecode.c.h; path = PLAppDelegate.h; sourceTree = "<group>"; };
		BCB1AF841C0D529A008AA006 /* PLAppDelegate.m */ = {isa = PBXFileReference; fileEncoding = 4; lastKnownFileType = sourcecode.c.objc; path = PLAppDelegate.m; sourceTree = "<group>"; };
		BCB1AF851C0D529A008AA006 /* PLPrefixHeader.pch */ = {isa = PBXFileReference; fileEncoding = 4; lastKnownFileType = sourcecode.c.h; path = PLPrefixHeader.pch; sourceTree = "<group>"; };
		BCB1AFD11C0D53DE008AA006 /* SystemConfiguration.framework */ = {isa = PBXFileReference; lastKnownFileType = wrapper.framework; name = SystemConfiguration.framework; path = System/Library/Frameworks/SystemConfiguration.framework; sourceTree = SDKROOT; };
		BCB1AFD31C0D53E8008AA006 /* CoreTelephony.framework */ = {isa = PBXFileReference; lastKnownFileType = wrapper.framework; name = CoreTelephony.framework; path = System/Library/Frameworks/CoreTelephony.framework; sourceTree = SDKROOT; };
		BCB1AFD51C0D53F0008AA006 /* AVFoundation.framework */ = {isa = PBXFileReference; lastKnownFileType = wrapper.framework; name = AVFoundation.framework; path = System/Library/Frameworks/AVFoundation.framework; sourceTree = SDKROOT; };
		BCB1AFD71C0D53F6008AA006 /* libz.tbd */ = {isa = PBXFileReference; lastKnownFileType = "sourcecode.text-based-dylib-definition"; name = libz.tbd; path = usr/lib/libz.tbd; sourceTree = SDKROOT; };
		BCB1AFD91C0D53FF008AA006 /* libc++.tbd */ = {isa = PBXFileReference; lastKnownFileType = "sourcecode.text-based-dylib-definition"; name = "libc++.tbd"; path = "usr/lib/libc++.tbd"; sourceTree = SDKROOT; };
		BCB1AFDB1C0D5408008AA006 /* libsqlite3.tbd */ = {isa = PBXFileReference; lastKnownFileType = "sourcecode.text-based-dylib-definition"; name = libsqlite3.tbd; path = usr/lib/libsqlite3.tbd; sourceTree = SDKROOT; };
		BCB1B0501C0D9488008AA006 /* config.plist */ = {isa = PBXFileReference; fileEncoding = 4; lastKnownFileType = text.plist.xml; path = config.plist; sourceTree = "<group>"; };
		BCB1B0521C0D95F2008AA006 /* config-back.plist */ = {isa = PBXFileReference; fileEncoding = 4; lastKnownFileType = text.plist.xml; path = "config-back.plist"; sourceTree = "<group>"; };
/* End PBXFileReference section */

/* Begin PBXFrameworksBuildPhase section */
		BCB1AF4A1C0D51E6008AA006 /* Frameworks */ = {
			isa = PBXFrameworksBuildPhase;
			buildActionMask = 2147483647;
			files = (
				BC5A6E741C326880006AD77A /* StoreKit.framework in Frameworks */,
				BC27E3781C1FBC9700BCD6FD /* AdSupport.framework in Frameworks */,
				BC27E3761C1FBC8B00BCD6FD /* CoreMotion.framework in Frameworks */,
				B93E82391C7F001B00C38211 /* libMobClickLibrary.a in Frameworks */,
				B93E823A1C7F001B00C38211 /* libWeChatSDK.a in Frameworks */,
				BC27E3741C1FBC7200BCD6FD /* WebKit.framework in Frameworks */,
				BCB1AFDC1C0D5408008AA006 /* libsqlite3.tbd in Frameworks */,
				BCB1AFDA1C0D53FF008AA006 /* libc++.tbd in Frameworks */,
				BCB1AFD81C0D53F6008AA006 /* libz.tbd in Frameworks */,
				BCB1AFD61C0D53F0008AA006 /* AVFoundation.framework in Frameworks */,
				BCB1AFD41C0D53E8008AA006 /* CoreTelephony.framework in Frameworks */,
				BCB1AFD21C0D53DE008AA006 /* SystemConfiguration.framework in Frameworks */,
				1E7191C12321BBD3A2FB1628 /* libPods.a in Frameworks */,
			);
			runOnlyForDeploymentPostprocessing = 0;
		};
		BCB1AF631C0D51E6008AA006 /* Frameworks */ = {
			isa = PBXFrameworksBuildPhase;
			buildActionMask = 2147483647;
			files = (
			);
			runOnlyForDeploymentPostprocessing = 0;
		};
		BCB1AF6E1C0D51E6008AA006 /* Frameworks */ = {
			isa = PBXFrameworksBuildPhase;
			buildActionMask = 2147483647;
			files = (
			);
			runOnlyForDeploymentPostprocessing = 0;
		};
/* End PBXFrameworksBuildPhase section */

/* Begin PBXGroup section */
		12C07F505C006227F68F4791 /* Frameworks */ = {
			isa = PBXGroup;
			children = (
				BC5A6E731C326880006AD77A /* StoreKit.framework */,
				BC27E3771C1FBC9700BCD6FD /* AdSupport.framework */,
				BC27E3751C1FBC8B00BCD6FD /* CoreMotion.framework */,
				BC27E3731C1FBC7200BCD6FD /* WebKit.framework */,
				BCB1AFDB1C0D5408008AA006 /* libsqlite3.tbd */,
				BCB1AFD91C0D53FF008AA006 /* libc++.tbd */,
				BCB1AFD71C0D53F6008AA006 /* libz.tbd */,
				BCB1AFD51C0D53F0008AA006 /* AVFoundation.framework */,
				BCB1AFD31C0D53E8008AA006 /* CoreTelephony.framework */,
				BCB1AFD11C0D53DE008AA006 /* SystemConfiguration.framework */,
				131FE8C3406C9435454CC243 /* libPods.a */,
			);
			name = Frameworks;
			sourceTree = "<group>";
		};
		559610F4154E15693C9374C3 /* Pods */ = {
			isa = PBXGroup;
			children = (
				6190DA3EA12EE267700612AB /* Pods.debug.xcconfig */,
				363CED1C18E7752E94C8DE41 /* Pods.release.xcconfig */,
			);
			name = Pods;
			sourceTree = "<group>";
		};
		B93E81791C7F001A00C38211 /* Class */ = {
			isa = PBXGroup;
			children = (
				B93E817A1C7F001A00C38211 /* Base */,
				B93E819A1C7F001B00C38211 /* Photo */,
				B93E81FC1C7F001B00C38211 /* Video */,
				B93E81991C7F001B00C38211 /* Free */,
				B93E81B61C7F001B00C38211 /* Register */,
				B93E81B91C7F001B00C38211 /* Setting */,
				B93E81C21C7F001B00C38211 /* Utils */,
				B93E81F21C7F001B00C38211 /* Vendor */,
			);
			path = Class;
			sourceTree = "<group>";
		};
		B93E817A1C7F001A00C38211 /* Base */ = {
			isa = PBXGroup;
			children = (
				B93E817B1C7F001A00C38211 /* Controller */,
				B93E81801C7F001A00C38211 /* Model */,
				B93E81961C7F001B00C38211 /* View */,
			);
			path = Base;
			sourceTree = "<group>";
		};
		B93E817B1C7F001A00C38211 /* Controller */ = {
			isa = PBXGroup;
			children = (
				B93E817C1C7F001A00C38211 /* PLBaseViewController.h */,
				B93E817D1C7F001A00C38211 /* PLBaseViewController.m */,
				B93E817E1C7F001A00C38211 /* PLPaymentViewController.h */,
				B93E817F1C7F001A00C38211 /* PLPaymentViewController.m */,
			);
			path = Controller;
			sourceTree = "<group>";
		};
		B93E81801C7F001A00C38211 /* Model */ = {
			isa = PBXGroup;
			children = (
				B93E81811C7F001A00C38211 /* PLActivateModel.h */,
				B93E81821C7F001A00C38211 /* PLActivateModel.m */,
				B93E81831C7F001A00C38211 /* PLEncryptedURLRequest.h */,
				B93E81841C7F001A00C38211 /* PLEncryptedURLRequest.m */,
				B93E81851C7F001A00C38211 /* PLPayable.h */,
				B93E81861C7F001B00C38211 /* PLPaymentModel.h */,
				B93E81871C7F001B00C38211 /* PLPaymentModel.m */,
				B93E81881C7F001B00C38211 /* PLProgram.h */,
				B93E81891C7F001B00C38211 /* PLProgram.m */,
				B93E818A1C7F001B00C38211 /* PLSystemConfig.h */,
				B93E818B1C7F001B00C38211 /* PLSystemConfig.m */,
				B93E818C1C7F001B00C38211 /* PLSystemConfigModel.h */,
				B93E818D1C7F001B00C38211 /* PLSystemConfigModel.m */,
				B93E818E1C7F001B00C38211 /* PLURLRequest.h */,
				B93E818F1C7F001B00C38211 /* PLURLRequest.m */,
				B93E81901C7F001B00C38211 /* PLURLResponse.h */,
				B93E81911C7F001B00C38211 /* PLURLResponse.m */,
				B93E81921C7F001B00C38211 /* PLUserAccessModel.h */,
				B93E81931C7F001B00C38211 /* PLUserAccessModel.m */,
				B93E81941C7F001B00C38211 /* PLWeChatPayQueryOrderRequest.h */,
				B93E81951C7F001B00C38211 /* PLWeChatPayQueryOrderRequest.m */,
			);
			path = Model;
			sourceTree = "<group>";
		};
		B93E81961C7F001B00C38211 /* View */ = {
			isa = PBXGroup;
			children = (
				B93E81971C7F001B00C38211 /* PLPaymentPopView.h */,
				B93E81981C7F001B00C38211 /* PLPaymentPopView.m */,
			);
			path = View;
			sourceTree = "<group>";
		};
		B93E81991C7F001B00C38211 /* Free */ = {
			isa = PBXGroup;
			children = (
				B93E82481C7F03CB00C38211 /* Layout */,
				B93E82411C7F00E600C38211 /* Model */,
				B93E82401C7F00D000C38211 /* View */,
				B93E823F1C7F00B400C38211 /* Controller */,
			);
			path = Free;
			sourceTree = "<group>";
		};
		B93E819A1C7F001B00C38211 /* Photo */ = {
			isa = PBXGroup;
			children = (
				B93E819B1C7F001B00C38211 /* Controller */,
				B93E81A41C7F001B00C38211 /* Model */,
				B93E81AF1C7F001B00C38211 /* View */,
			);
			path = Photo;
			sourceTree = "<group>";
		};
		B93E819B1C7F001B00C38211 /* Controller */ = {
			isa = PBXGroup;
			children = (
				B93E819C1C7F001B00C38211 /* PLPhotoBrowser.h */,
				B93E819D1C7F001B00C38211 /* PLPhotoBrowser.m */,
				B93E819E1C7F001B00C38211 /* PLPhotoChannelPopupMenuController.h */,
				B93E819F1C7F001B00C38211 /* PLPhotoChannelPopupMenuController.m */,
				B93E81A01C7F001B00C38211 /* PLPhotoViewController.h */,
				B93E81A11C7F001B00C38211 /* PLPhotoViewController.m */,
				B93E81A21C7F001B00C38211 /* PLPopupMenuController.h */,
				B93E81A31C7F001B00C38211 /* PLPopupMenuController.m */,
			);
			path = Controller;
			sourceTree = "<group>";
		};
		B93E81A41C7F001B00C38211 /* Model */ = {
			isa = PBXGroup;
			children = (
				B93E81A51C7F001B00C38211 /* PLChannelProgram.h */,
				B93E81A61C7F001B00C38211 /* PLChannelProgram.m */,
				B93E81A91C7F001B00C38211 /* PLPhotoChannel.h */,
				B93E81AA1C7F001B00C38211 /* PLPhotoChannel.m */,
				B93E81A71C7F001B00C38211 /* PLChannelProgramModel.h */,
				B93E81A81C7F001B00C38211 /* PLChannelProgramModel.m */,
				B93E81AB1C7F001B00C38211 /* PLPhotoChannelModel.h */,
				B93E81AC1C7F001B00C38211 /* PLPhotoChannelModel.m */,
				B93E81AD1C7F001B00C38211 /* PLProgramUrlModel.h */,
				B93E81AE1C7F001B00C38211 /* PLProgramUrlModel.m */,
			);
			path = Model;
			sourceTree = "<group>";
		};
		B93E81AF1C7F001B00C38211 /* View */ = {
			isa = PBXGroup;
			children = (
				B93E81B01C7F001B00C38211 /* PLPhotoCell.h */,
				B93E81B11C7F001B00C38211 /* PLPhotoCell.m */,
				B93E81B21C7F001B00C38211 /* PLPhotoNavigationTitleView.h */,
				B93E81B31C7F001B00C38211 /* PLPhotoNavigationTitleView.m */,
				B93E81B41C7F001B00C38211 /* PLPopupMenuButton.h */,
				B93E81B51C7F001B00C38211 /* PLPopupMenuButton.m */,
			);
			path = View;
			sourceTree = "<group>";
		};
		B93E81B61C7F001B00C38211 /* Register */ = {
			isa = PBXGroup;
			children = (
				B93E81B71C7F001B00C38211 /* PLPaymentInfo.h */,
				B93E81B81C7F001B00C38211 /* PLPaymentInfo.m */,
			);
			path = Register;
			sourceTree = "<group>";
		};
		B93E81B91C7F001B00C38211 /* Setting */ = {
			isa = PBXGroup;
			children = (
				B93E81BA1C7F001B00C38211 /* Controller */,
				B93E81BD1C7F001B00C38211 /* View */,
			);
			path = Setting;
			sourceTree = "<group>";
		};
		B93E81BA1C7F001B00C38211 /* Controller */ = {
			isa = PBXGroup;
			children = (
				B93E81BB1C7F001B00C38211 /* PLSettingViewController.h */,
				B93E81BC1C7F001B00C38211 /* PLSettingViewController.m */,
			);
			path = Controller;
			sourceTree = "<group>";
		};
		B93E81BD1C7F001B00C38211 /* View */ = {
			isa = PBXGroup;
			children = (
				B93E81BE1C7F001B00C38211 /* PLChannelLockView.h */,
				B93E81BF1C7F001B00C38211 /* PLChannelLockView.m */,
				B93E81C01C7F001B00C38211 /* PLSettingChannelLockScrollView.h */,
				B93E81C11C7F001B00C38211 /* PLSettingChannelLockScrollView.m */,
			);
			path = View;
			sourceTree = "<group>";
		};
		B93E81C21C7F001B00C38211 /* Utils */ = {
			isa = PBXGroup;
			children = (
				B93E81C31C7F001B00C38211 /* Extensions */,
				B93E81D61C7F001B00C38211 /* PLConfig.h */,
				B93E81D71C7F001B00C38211 /* PLConfig.m */,
				B93E81D81C7F001B00C38211 /* PLErrorHandler.h */,
				B93E81D91C7F001B00C38211 /* PLErrorHandler.m */,
				B93E81DA1C7F001B00C38211 /* PLExtensions.h */,
				B93E81DB1C7F001B00C38211 /* PLHudManager.h */,
				B93E81DC1C7F001B00C38211 /* PLHudManager.m */,
				B93E81DD1C7F001B00C38211 /* PLPaymentUtil.h */,
				B93E81DE1C7F001B00C38211 /* PLPaymentUtil.m */,
				B93E81DF1C7F001B00C38211 /* PLStatistics.h */,
				B93E81E01C7F001B00C38211 /* PLStatistics.m */,
				B93E81E11C7F001B00C38211 /* PLUtil.h */,
				B93E81E21C7F001B00C38211 /* PLUtil.m */,
				B93E81E31C7F001B00C38211 /* rac_extobjc */,
				B93E81E91C7F001B00C38211 /* WeChatPay */,
			);
			path = Utils;
			sourceTree = "<group>";
		};
		B93E81C31C7F001B00C38211 /* Extensions */ = {
			isa = PBXGroup;
			children = (
				B93E81C41C7F001B00C38211 /* NSDictionary+PLSign.h */,
				B93E81C51C7F001B00C38211 /* NSDictionary+PLSign.m */,
				B93E81C61C7F001B00C38211 /* NSMutableDictionary+SafeCoding.h */,
				B93E81C71C7F001B00C38211 /* NSMutableDictionary+SafeCoding.m */,
				B93E81C81C7F001B00C38211 /* NSObject+Properties.h */,
				B93E81C91C7F001B00C38211 /* NSObject+Properties.m */,
				B93E81CA1C7F001B00C38211 /* NSString+crypt.h */,
				B93E81CB1C7F001B00C38211 /* NSString+crypt.m */,
				B93E81CC1C7F001B00C38211 /* NSString+md5.h */,
				B93E81CD1C7F001B00C38211 /* NSString+md5.m */,
				B93E81CE1C7F001B00C38211 /* UIColor+hexColor.h */,
				B93E81CF1C7F001B00C38211 /* UIColor+hexColor.m */,
				B93E81D01C7F001B00C38211 /* UIImage+Grayish.h */,
				B93E81D11C7F001B00C38211 /* UIImage+Grayish.m */,
				B93E81D21C7F001B00C38211 /* UIView+PLDim.h */,
				B93E81D31C7F001B00C38211 /* UIView+PLDim.m */,
				B93E81D41C7F001B00C38211 /* UIView+PLLoading.h */,
				B93E81D51C7F001B00C38211 /* UIView+PLLoading.m */,
				B93E82491C7FF54F00C38211 /* UIScrollView+Refish.h */,
				B93E824A1C7FF54F00C38211 /* UIScrollView+Refish.m */,
			);
			path = Extensions;
			sourceTree = "<group>";
		};
		B93E81E31C7F001B00C38211 /* rac_extobjc */ = {
			isa = PBXGroup;
			children = (
				B93E81E41C7F001B00C38211 /* RACEXTKeyPathCoding.h */,
				B93E81E51C7F001B00C38211 /* RACEXTRuntimeExtensions.h */,
				B93E81E61C7F001B00C38211 /* RACEXTRuntimeExtensions.m */,
				B93E81E71C7F001B00C38211 /* RACEXTScope.h */,
				B93E81E81C7F001B00C38211 /* RACmetamacros.h */,
			);
			path = rac_extobjc;
			sourceTree = "<group>";
		};
		B93E81E91C7F001B00C38211 /* WeChatPay */ = {
			isa = PBXGroup;
			children = (
				B93E81EA1C7F001B00C38211 /* ApiXml.h */,
				B93E81EB1C7F001B00C38211 /* ApiXml.mm */,
				B93E81EC1C7F001B00C38211 /* payRequsestHandler.h */,
				B93E81ED1C7F001B00C38211 /* payRequsestHandler.mm */,
				B93E81EE1C7F001B00C38211 /* WeChatPayManager.h */,
				B93E81EF1C7F001B00C38211 /* WeChatPayManager.m */,
				B93E81F01C7F001B00C38211 /* WXUtil.h */,
				B93E81F11C7F001B00C38211 /* WXUtil.mm */,
			);
			path = WeChatPay;
			sourceTree = "<group>";
		};
		B93E81F21C7F001B00C38211 /* Vendor */ = {
			isa = PBXGroup;
			children = (
				B93E81F31C7F001B00C38211 /* Umeng */,
				B93E81F71C7F001B00C38211 /* WeChatSDK */,
			);
			path = Vendor;
			sourceTree = "<group>";
		};
		B93E81F31C7F001B00C38211 /* Umeng */ = {
			isa = PBXGroup;
			children = (
				B93E81F41C7F001B00C38211 /* libMobClickLibrary.a */,
				B93E81F51C7F001B00C38211 /* MobClick.h */,
				B93E81F61C7F001B00C38211 /* MobClickSocialAnalytics.h */,
			);
			path = Umeng;
			sourceTree = "<group>";
		};
		B93E81F71C7F001B00C38211 /* WeChatSDK */ = {
			isa = PBXGroup;
			children = (
				B93E81F81C7F001B00C38211 /* libWeChatSDK.a */,
				B93E81F91C7F001B00C38211 /* WechatAuthSDK.h */,
				B93E81FA1C7F001B00C38211 /* WXApi.h */,
				B93E81FB1C7F001B00C38211 /* WXApiObject.h */,
			);
			path = WeChatSDK;
			sourceTree = "<group>";
		};
		B93E81FC1C7F001B00C38211 /* Video */ = {
			isa = PBXGroup;
			children = (
				B93E81FD1C7F001B00C38211 /* Controller */,
				B93E82001C7F001B00C38211 /* Model */,
				B93E82051C7F001B00C38211 /* View */,
			);
			path = Video;
			sourceTree = "<group>";
		};
		B93E81FD1C7F001B00C38211 /* Controller */ = {
			isa = PBXGroup;
			children = (
				B93E81FE1C7F001B00C38211 /* PLVideoViewController.h */,
				B93E81FF1C7F001B00C38211 /* PLVideoViewController.m */,
			);
			path = Controller;
			sourceTree = "<group>";
		};
		B93E82001C7F001B00C38211 /* Model */ = {
			isa = PBXGroup;
			children = (
				B93E82011C7F001B00C38211 /* PLVideo.h */,
				B93E82021C7F001B00C38211 /* PLVideo.m */,
				B93E82031C7F001B00C38211 /* PLVideoModel.h */,
				B93E82041C7F001B00C38211 /* PLVideoModel.m */,
			);
			path = Model;
			sourceTree = "<group>";
		};
		B93E82051C7F001B00C38211 /* View */ = {
			isa = PBXGroup;
			children = (
				B93E82061C7F001B00C38211 /* PLVideoCell.h */,
				B93E82071C7F001B00C38211 /* PLVideoCell.m */,
			);
			path = View;
			sourceTree = "<group>";
		};
		B93E823F1C7F00B400C38211 /* Controller */ = {
			isa = PBXGroup;
			children = (
				B93E82421C7F014500C38211 /* PLFreeViewController.h */,
				B93E82431C7F014500C38211 /* PLFreeViewController.m */,
			);
			name = Controller;
			sourceTree = "<group>";
		};
		B93E82401C7F00D000C38211 /* View */ = {
			isa = PBXGroup;
			children = (
				B93E825B1C817D0100C38211 /* FreePhotoCell.h */,
				B93E825C1C817D0100C38211 /* FreePhotoCell.m */,
			);
			name = View;
			sourceTree = "<group>";
		};
		B93E82411C7F00E600C38211 /* Model */ = {
			isa = PBXGroup;
			children = (
				B93E82551C8054BB00C38211 /* PLFreePhoto.h */,
				B93E82561C8054BB00C38211 /* PLFreePhoto.m */,
				B93E82581C8054F100C38211 /* PLFreePhotoModel.h */,
				B93E82591C8054F100C38211 /* PLFreePhotoModel.m */,
			);
			name = Model;
			sourceTree = "<group>";
		};
		B93E82481C7F03CB00C38211 /* Layout */ = {
			isa = PBXGroup;
			children = (
				B93E82451C7F039F00C38211 /* PLCollectionViewLayout.h */,
				B93E82461C7F039F00C38211 /* PLCollectionViewLayout.m */,
			);
			name = Layout;
			sourceTree = "<group>";
		};
		BCB1AF441C0D51E6008AA006 = {
			isa = PBXGroup;
			children = (
				BCB1AF4F1C0D51E6008AA006 /* PhotoLibrary */,
				BCB1AF691C0D51E6008AA006 /* PhotoLibraryTests */,
				BCB1AF741C0D51E6008AA006 /* PhotoLibraryUITests */,
				BCB1AF4E1C0D51E6008AA006 /* Products */,
				559610F4154E15693C9374C3 /* Pods */,
				12C07F505C006227F68F4791 /* Frameworks */,
			);
			sourceTree = "<group>";
		};
		BCB1AF4E1C0D51E6008AA006 /* Products */ = {
			isa = PBXGroup;
			children = (
				BCB1AF4D1C0D51E6008AA006 /* PhotoLibrary.app */,
				BCB1AF661C0D51E6008AA006 /* PhotoLibraryTests.xctest */,
				BCB1AF711C0D51E6008AA006 /* PhotoLibraryUITests.xctest */,
			);
			name = Products;
			sourceTree = "<group>";
		};
		BCB1AF4F1C0D51E6008AA006 /* PhotoLibrary */ = {
			isa = PBXGroup;
			children = (
				BCB1AF831C0D529A008AA006 /* PLAppDelegate.h */,
				BCB1AF841C0D529A008AA006 /* PLAppDelegate.m */,
				BCB1AF5C1C0D51E6008AA006 /* Assets.xcassets */,
				B93E81791C7F001A00C38211 /* Class */,
				BCB1AF5E1C0D51E6008AA006 /* LaunchScreen.storyboard */,
				BCB1AF501C0D51E6008AA006 /* Supporting Files */,
			);
			path = PhotoLibrary;
			sourceTree = "<group>";
		};
		BCB1AF501C0D51E6008AA006 /* Supporting Files */ = {
			isa = PBXGroup;
			children = (
				BCB1B0501C0D9488008AA006 /* config.plist */,
				BCB1B0521C0D95F2008AA006 /* config-back.plist */,
				BCB1AF611C0D51E6008AA006 /* Info.plist */,
				BCB1AF511C0D51E6008AA006 /* main.m */,
				BCB1AF851C0D529A008AA006 /* PLPrefixHeader.pch */,
			);
			name = "Supporting Files";
			sourceTree = "<group>";
		};
		BCB1AF691C0D51E6008AA006 /* PhotoLibraryTests */ = {
			isa = PBXGroup;
			children = (
				BCB1AF6A1C0D51E6008AA006 /* PhotoLibraryTests.m */,
				BCB1AF6C1C0D51E6008AA006 /* Info.plist */,
			);
			path = PhotoLibraryTests;
			sourceTree = "<group>";
		};
		BCB1AF741C0D51E6008AA006 /* PhotoLibraryUITests */ = {
			isa = PBXGroup;
			children = (
				BCB1AF751C0D51E6008AA006 /* PhotoLibraryUITests.m */,
				BCB1AF771C0D51E6008AA006 /* Info.plist */,
			);
			path = PhotoLibraryUITests;
			sourceTree = "<group>";
		};
/* End PBXGroup section */

/* Begin PBXNativeTarget section */
		BCB1AF4C1C0D51E6008AA006 /* PhotoLibrary */ = {
			isa = PBXNativeTarget;
			buildConfigurationList = BCB1AF7A1C0D51E6008AA006 /* Build configuration list for PBXNativeTarget "PhotoLibrary" */;
			buildPhases = (
				2DFAFB2619CF9B5519D04507 /* Check Pods Manifest.lock */,
				BCB1AF491C0D51E6008AA006 /* Sources */,
				BCB1AF4A1C0D51E6008AA006 /* Frameworks */,
				BCB1AF4B1C0D51E6008AA006 /* Resources */,
				2A03667AFE993AFE71BEF201 /* Embed Pods Frameworks */,
				72DE3613FCBECB8FB6960878 /* Copy Pods Resources */,
			);
			buildRules = (
			);
			dependencies = (
			);
			name = PhotoLibrary;
			productName = PhotoLibrary;
			productReference = BCB1AF4D1C0D51E6008AA006 /* PhotoLibrary.app */;
			productType = "com.apple.product-type.application";
		};
		BCB1AF651C0D51E6008AA006 /* PhotoLibraryTests */ = {
			isa = PBXNativeTarget;
			buildConfigurationList = BCB1AF7D1C0D51E6008AA006 /* Build configuration list for PBXNativeTarget "PhotoLibraryTests" */;
			buildPhases = (
				BCB1AF621C0D51E6008AA006 /* Sources */,
				BCB1AF631C0D51E6008AA006 /* Frameworks */,
				BCB1AF641C0D51E6008AA006 /* Resources */,
			);
			buildRules = (
			);
			dependencies = (
				BCB1AF681C0D51E6008AA006 /* PBXTargetDependency */,
			);
			name = PhotoLibraryTests;
			productName = PhotoLibraryTests;
			productReference = BCB1AF661C0D51E6008AA006 /* PhotoLibraryTests.xctest */;
			productType = "com.apple.product-type.bundle.unit-test";
		};
		BCB1AF701C0D51E6008AA006 /* PhotoLibraryUITests */ = {
			isa = PBXNativeTarget;
			buildConfigurationList = BCB1AF801C0D51E6008AA006 /* Build configuration list for PBXNativeTarget "PhotoLibraryUITests" */;
			buildPhases = (
				BCB1AF6D1C0D51E6008AA006 /* Sources */,
				BCB1AF6E1C0D51E6008AA006 /* Frameworks */,
				BCB1AF6F1C0D51E6008AA006 /* Resources */,
			);
			buildRules = (
			);
			dependencies = (
				BCB1AF731C0D51E6008AA006 /* PBXTargetDependency */,
			);
			name = PhotoLibraryUITests;
			productName = PhotoLibraryUITests;
			productReference = BCB1AF711C0D51E6008AA006 /* PhotoLibraryUITests.xctest */;
			productType = "com.apple.product-type.bundle.ui-testing";
		};
/* End PBXNativeTarget section */

/* Begin PBXProject section */
		BCB1AF451C0D51E6008AA006 /* Project object */ = {
			isa = PBXProject;
			attributes = {
				LastUpgradeCheck = 0710;
				ORGANIZATIONNAME = iqu8;
				TargetAttributes = {
					BCB1AF4C1C0D51E6008AA006 = {
						CreatedOnToolsVersion = 7.1.1;
						DevelopmentTeam = JREP75KMTC;
					};
					BCB1AF651C0D51E6008AA006 = {
						CreatedOnToolsVersion = 7.1.1;
						TestTargetID = BCB1AF4C1C0D51E6008AA006;
					};
					BCB1AF701C0D51E6008AA006 = {
						CreatedOnToolsVersion = 7.1.1;
						TestTargetID = BCB1AF4C1C0D51E6008AA006;
					};
				};
			};
			buildConfigurationList = BCB1AF481C0D51E6008AA006 /* Build configuration list for PBXProject "PhotoLibrary" */;
			compatibilityVersion = "Xcode 3.2";
			developmentRegion = English;
			hasScannedForEncodings = 0;
			knownRegions = (
				en,
				Base,
			);
			mainGroup = BCB1AF441C0D51E6008AA006;
			productRefGroup = BCB1AF4E1C0D51E6008AA006 /* Products */;
			projectDirPath = "";
			projectRoot = "";
			targets = (
				BCB1AF4C1C0D51E6008AA006 /* PhotoLibrary */,
				BCB1AF651C0D51E6008AA006 /* PhotoLibraryTests */,
				BCB1AF701C0D51E6008AA006 /* PhotoLibraryUITests */,
			);
		};
/* End PBXProject section */

/* Begin PBXResourcesBuildPhase section */
		BCB1AF4B1C0D51E6008AA006 /* Resources */ = {
			isa = PBXResourcesBuildPhase;
			buildActionMask = 2147483647;
			files = (
				BCB1B0511C0D9488008AA006 /* config.plist in Resources */,
				BCB1B0531C0D95F2008AA006 /* config-back.plist in Resources */,
				BCB1AF601C0D51E6008AA006 /* LaunchScreen.storyboard in Resources */,
				BCB1AF5D1C0D51E6008AA006 /* Assets.xcassets in Resources */,
			);
			runOnlyForDeploymentPostprocessing = 0;
		};
		BCB1AF641C0D51E6008AA006 /* Resources */ = {
			isa = PBXResourcesBuildPhase;
			buildActionMask = 2147483647;
			files = (
			);
			runOnlyForDeploymentPostprocessing = 0;
		};
		BCB1AF6F1C0D51E6008AA006 /* Resources */ = {
			isa = PBXResourcesBuildPhase;
			buildActionMask = 2147483647;
			files = (
			);
			runOnlyForDeploymentPostprocessing = 0;
		};
/* End PBXResourcesBuildPhase section */

/* Begin PBXShellScriptBuildPhase section */
		2A03667AFE993AFE71BEF201 /* Embed Pods Frameworks */ = {
			isa = PBXShellScriptBuildPhase;
			buildActionMask = 2147483647;
			files = (
			);
			inputPaths = (
			);
			name = "Embed Pods Frameworks";
			outputPaths = (
			);
			runOnlyForDeploymentPostprocessing = 0;
			shellPath = /bin/sh;
			shellScript = "\"${SRCROOT}/Pods/Target Support Files/Pods/Pods-frameworks.sh\"\n";
			showEnvVarsInLog = 0;
		};
		2DFAFB2619CF9B5519D04507 /* Check Pods Manifest.lock */ = {
			isa = PBXShellScriptBuildPhase;
			buildActionMask = 2147483647;
			files = (
			);
			inputPaths = (
			);
			name = "Check Pods Manifest.lock";
			outputPaths = (
			);
			runOnlyForDeploymentPostprocessing = 0;
			shellPath = /bin/sh;
			shellScript = "diff \"${PODS_ROOT}/../Podfile.lock\" \"${PODS_ROOT}/Manifest.lock\" > /dev/null\nif [[ $? != 0 ]] ; then\n    cat << EOM\nerror: The sandbox is not in sync with the Podfile.lock. Run 'pod install' or update your CocoaPods installation.\nEOM\n    exit 1\nfi\n";
			showEnvVarsInLog = 0;
		};
		72DE3613FCBECB8FB6960878 /* Copy Pods Resources */ = {
			isa = PBXShellScriptBuildPhase;
			buildActionMask = 2147483647;
			files = (
			);
			inputPaths = (
			);
			name = "Copy Pods Resources";
			outputPaths = (
			);
			runOnlyForDeploymentPostprocessing = 0;
			shellPath = /bin/sh;
			shellScript = "\"${SRCROOT}/Pods/Target Support Files/Pods/Pods-resources.sh\"\n";
			showEnvVarsInLog = 0;
		};
/* End PBXShellScriptBuildPhase section */

/* Begin PBXSourcesBuildPhase section */
		BCB1AF491C0D51E6008AA006 /* Sources */ = {
			isa = PBXSourcesBuildPhase;
			buildActionMask = 2147483647;
			files = (
				B93E823E1C7F001B00C38211 /* PLVideoCell.m in Sources */,
				B93E82371C7F001B00C38211 /* WeChatPayManager.m in Sources */,
				B93E822C1C7F001B00C38211 /* UIView+PLDim.m in Sources */,
				BCB1AF861C0D529A008AA006 /* PLAppDelegate.m in Sources */,
				B93E82171C7F001B00C38211 /* PLPhotoViewController.m in Sources */,
				B93E823B1C7F001B00C38211 /* PLVideoViewController.m in Sources */,
				B93E82301C7F001B00C38211 /* PLHudManager.m in Sources */,
				B93E821B1C7F001B00C38211 /* PLPhotoChannel.m in Sources */,
				B93E82191C7F001B00C38211 /* PLChannelProgram.m in Sources */,
				B93E82091C7F001B00C38211 /* PLPaymentViewController.m in Sources */,
				B93E82571C8054BB00C38211 /* PLFreePhoto.m in Sources */,
				B93E820D1C7F001B00C38211 /* PLProgram.m in Sources */,
				B93E82291C7F001B00C38211 /* NSString+md5.m in Sources */,
				B93E820C1C7F001B00C38211 /* PLPaymentModel.m in Sources */,
				B93E82341C7F001B00C38211 /* RACEXTRuntimeExtensions.m in Sources */,
				B93E82111C7F001B00C38211 /* PLURLResponse.m in Sources */,
				B93E82351C7F001B00C38211 /* ApiXml.mm in Sources */,
				B93E82151C7F001B00C38211 /* PLPhotoBrowser.m in Sources */,
				B93E82381C7F001B00C38211 /* WXUtil.mm in Sources */,
				BCB1AF521C0D51E6008AA006 /* main.m in Sources */,
				B93E82131C7F001B00C38211 /* PLWeChatPayQueryOrderRequest.m in Sources */,
				B93E820A1C7F001B00C38211 /* PLActivateModel.m in Sources */,
				B93E82331C7F001B00C38211 /* PLUtil.m in Sources */,
				B93E82271C7F001B00C38211 /* NSObject+Properties.m in Sources */,
				B93E82121C7F001B00C38211 /* PLUserAccessModel.m in Sources */,
				B93E821C1C7F001B00C38211 /* PLPhotoChannelModel.m in Sources */,
				B93E821F1C7F001B00C38211 /* PLPhotoNavigationTitleView.m in Sources */,
				B93E821D1C7F001B00C38211 /* PLProgramUrlModel.m in Sources */,
				B93E822D1C7F001B00C38211 /* UIView+PLLoading.m in Sources */,
				B93E820F1C7F001B00C38211 /* PLSystemConfigModel.m in Sources */,
				B93E82471C7F039F00C38211 /* PLCollectionViewLayout.m in Sources */,
				B93E822F1C7F001B00C38211 /* PLErrorHandler.m in Sources */,
				B93E822B1C7F001B00C38211 /* UIImage+Grayish.m in Sources */,
				B93E820E1C7F001B00C38211 /* PLSystemConfig.m in Sources */,
				B93E82281C7F001B00C38211 /* NSString+crypt.m in Sources */,
				B93E82101C7F001B00C38211 /* PLURLRequest.m in Sources */,
				B93E82161C7F001B00C38211 /* PLPhotoChannelPopupMenuController.m in Sources */,
				B93E821E1C7F001B00C38211 /* PLPhotoCell.m in Sources */,
				B93E82361C7F001B00C38211 /* payRequsestHandler.mm in Sources */,
				B93E82231C7F001B00C38211 /* PLChannelLockView.m in Sources */,
				B93E82141C7F001B00C38211 /* PLPaymentPopView.m in Sources */,
				B93E824B1C7FF54F00C38211 /* UIScrollView+Refish.m in Sources */,
				B93E82181C7F001B00C38211 /* PLPopupMenuController.m in Sources */,
				B93E82221C7F001B00C38211 /* PLSettingViewController.m in Sources */,
				B93E82261C7F001B00C38211 /* NSMutableDictionary+SafeCoding.m in Sources */,
				B93E820B1C7F001B00C38211 /* PLEncryptedURLRequest.m in Sources */,
				B93E82211C7F001B00C38211 /* PLPaymentInfo.m in Sources */,
				B93E82201C7F001B00C38211 /* PLPopupMenuButton.m in Sources */,
				B93E825A1C8054F100C38211 /* PLFreePhotoModel.m in Sources */,
				B93E822E1C7F001B00C38211 /* PLConfig.m in Sources */,
				B93E82441C7F014500C38211 /* PLFreeViewController.m in Sources */,
				B93E82311C7F001B00C38211 /* PLPaymentUtil.m in Sources */,
				B93E822A1C7F001B00C38211 /* UIColor+hexColor.m in Sources */,
				B93E82081C7F001B00C38211 /* PLBaseViewController.m in Sources */,
				B93E82241C7F001B00C38211 /* PLSettingChannelLockScrollView.m in Sources */,
				B93E823C1C7F001B00C38211 /* PLVideo.m in Sources */,
				B93E821A1C7F001B00C38211 /* PLChannelProgramModel.m in Sources */,
				B93E823D1C7F001B00C38211 /* PLVideoModel.m in Sources */,
				B93E82251C7F001B00C38211 /* NSDictionary+PLSign.m in Sources */,
				B93E82321C7F001B00C38211 /* PLStatistics.m in Sources */,
				B93E825D1C817D0100C38211 /* FreePhotoCell.m in Sources */,
			);
			runOnlyForDeploymentPostprocessing = 0;
		};
		BCB1AF621C0D51E6008AA006 /* Sources */ = {
			isa = PBXSourcesBuildPhase;
			buildActionMask = 2147483647;
			files = (
				BCB1AF6B1C0D51E6008AA006 /* PhotoLibraryTests.m in Sources */,
			);
			runOnlyForDeploymentPostprocessing = 0;
		};
		BCB1AF6D1C0D51E6008AA006 /* Sources */ = {
			isa = PBXSourcesBuildPhase;
			buildActionMask = 2147483647;
			files = (
				BCB1AF761C0D51E6008AA006 /* PhotoLibraryUITests.m in Sources */,
			);
			runOnlyForDeploymentPostprocessing = 0;
		};
/* End PBXSourcesBuildPhase section */

/* Begin PBXTargetDependency section */
		BCB1AF681C0D51E6008AA006 /* PBXTargetDependency */ = {
			isa = PBXTargetDependency;
			target = BCB1AF4C1C0D51E6008AA006 /* PhotoLibrary */;
			targetProxy = BCB1AF671C0D51E6008AA006 /* PBXContainerItemProxy */;
		};
		BCB1AF731C0D51E6008AA006 /* PBXTargetDependency */ = {
			isa = PBXTargetDependency;
			target = BCB1AF4C1C0D51E6008AA006 /* PhotoLibrary */;
			targetProxy = BCB1AF721C0D51E6008AA006 /* PBXContainerItemProxy */;
		};
/* End PBXTargetDependency section */

/* Begin PBXVariantGroup section */
		BCB1AF5E1C0D51E6008AA006 /* LaunchScreen.storyboard */ = {
			isa = PBXVariantGroup;
			children = (
				BCB1AF5F1C0D51E6008AA006 /* Base */,
			);
			name = LaunchScreen.storyboard;
			sourceTree = "<group>";
		};
/* End PBXVariantGroup section */

/* Begin XCBuildConfiguration section */
		BCB1AF781C0D51E6008AA006 /* Debug */ = {
			isa = XCBuildConfiguration;
			buildSettings = {
				ALWAYS_SEARCH_USER_PATHS = NO;
				CLANG_CXX_LANGUAGE_STANDARD = "gnu++0x";
				CLANG_CXX_LIBRARY = "libc++";
				CLANG_ENABLE_MODULES = YES;
				CLANG_ENABLE_OBJC_ARC = YES;
				CLANG_WARN_BOOL_CONVERSION = YES;
				CLANG_WARN_CONSTANT_CONVERSION = YES;
				CLANG_WARN_DIRECT_OBJC_ISA_USAGE = YES_ERROR;
				CLANG_WARN_EMPTY_BODY = YES;
				CLANG_WARN_ENUM_CONVERSION = YES;
				CLANG_WARN_INT_CONVERSION = YES;
				CLANG_WARN_OBJC_ROOT_CLASS = YES_ERROR;
				CLANG_WARN_UNREACHABLE_CODE = YES;
				CLANG_WARN__DUPLICATE_METHOD_MATCH = YES;
				CODE_SIGN_IDENTITY = "iPhone Distribution: Mianzhu Zhongkai Auto Sales Co.,Ltd.";
				"CODE_SIGN_IDENTITY[sdk=iphoneos*]" = "iPhone Distribution: Mianzhu Zhongkai Auto Sales Co.,Ltd.";
				COPY_PHASE_STRIP = NO;
				DEBUG_INFORMATION_FORMAT = dwarf;
				ENABLE_BITCODE = NO;
				ENABLE_STRICT_OBJC_MSGSEND = YES;
				ENABLE_TESTABILITY = YES;
				GCC_C_LANGUAGE_STANDARD = gnu99;
				GCC_DYNAMIC_NO_PIC = NO;
				GCC_NO_COMMON_BLOCKS = YES;
				GCC_OPTIMIZATION_LEVEL = 0;
				GCC_PREFIX_HEADER = PhotoLibrary/PLPrefixHeader.pch;
				GCC_PREPROCESSOR_DEFINITIONS = (
					"DEBUG=1",
					"$(inherited)",
				);
				GCC_WARN_64_TO_32_BIT_CONVERSION = YES;
				GCC_WARN_ABOUT_RETURN_TYPE = YES_ERROR;
				GCC_WARN_UNDECLARED_SELECTOR = YES;
				GCC_WARN_UNINITIALIZED_AUTOS = YES_AGGRESSIVE;
				GCC_WARN_UNUSED_FUNCTION = YES;
				GCC_WARN_UNUSED_VARIABLE = YES;
				IPHONEOS_DEPLOYMENT_TARGET = 7.0;
				MTL_ENABLE_DEBUG_INFO = YES;
				ONLY_ACTIVE_ARCH = YES;
				PROVISIONING_PROFILE = "5cb6f49d-860c-4326-b9de-7daca80ecf59";
				SDKROOT = iphoneos;
			};
			name = Debug;
		};
		BCB1AF791C0D51E6008AA006 /* Release */ = {
			isa = XCBuildConfiguration;
			buildSettings = {
				ALWAYS_SEARCH_USER_PATHS = NO;
				CLANG_CXX_LANGUAGE_STANDARD = "gnu++0x";
				CLANG_CXX_LIBRARY = "libc++";
				CLANG_ENABLE_MODULES = YES;
				CLANG_ENABLE_OBJC_ARC = YES;
				CLANG_WARN_BOOL_CONVERSION = YES;
				CLANG_WARN_CONSTANT_CONVERSION = YES;
				CLANG_WARN_DIRECT_OBJC_ISA_USAGE = YES_ERROR;
				CLANG_WARN_EMPTY_BODY = YES;
				CLANG_WARN_ENUM_CONVERSION = YES;
				CLANG_WARN_INT_CONVERSION = YES;
				CLANG_WARN_OBJC_ROOT_CLASS = YES_ERROR;
				CLANG_WARN_UNREACHABLE_CODE = YES;
				CLANG_WARN__DUPLICATE_METHOD_MATCH = YES;
				CODE_SIGN_IDENTITY = "iPhone Distribution: Mianzhu Zhongkai Auto Sales Co.,Ltd.";
				"CODE_SIGN_IDENTITY[sdk=iphoneos*]" = "iPhone Distribution: Mianzhu Zhongkai Auto Sales Co.,Ltd.";
				COPY_PHASE_STRIP = NO;
				DEBUG_INFORMATION_FORMAT = "dwarf-with-dsym";
				ENABLE_BITCODE = NO;
				ENABLE_NS_ASSERTIONS = NO;
				ENABLE_STRICT_OBJC_MSGSEND = YES;
				GCC_C_LANGUAGE_STANDARD = gnu99;
				GCC_NO_COMMON_BLOCKS = YES;
				GCC_PREFIX_HEADER = PhotoLibrary/PLPrefixHeader.pch;
				GCC_WARN_64_TO_32_BIT_CONVERSION = YES;
				GCC_WARN_ABOUT_RETURN_TYPE = YES_ERROR;
				GCC_WARN_UNDECLARED_SELECTOR = YES;
				GCC_WARN_UNINITIALIZED_AUTOS = YES_AGGRESSIVE;
				GCC_WARN_UNUSED_FUNCTION = YES;
				GCC_WARN_UNUSED_VARIABLE = YES;
				IPHONEOS_DEPLOYMENT_TARGET = 7.0;
				MTL_ENABLE_DEBUG_INFO = NO;
				PROVISIONING_PROFILE = "5cb6f49d-860c-4326-b9de-7daca80ecf59";
				SDKROOT = iphoneos;
				VALIDATE_PRODUCT = YES;
			};
			name = Release;
		};
		BCB1AF7B1C0D51E6008AA006 /* Debug */ = {
			isa = XCBuildConfiguration;
			baseConfigurationReference = 6190DA3EA12EE267700612AB /* Pods.debug.xcconfig */;
			buildSettings = {
				ASSETCATALOG_COMPILER_APPICON_NAME = AppIcon;
				CODE_SIGN_IDENTITY = "iPhone Distribution: Mianzhu Zhongkai Auto Sales Co.,Ltd.";
				"CODE_SIGN_IDENTITY[sdk=iphoneos*]" = "iPhone Distribution: Mianzhu Zhongkai Auto Sales Co.,Ltd.";
				FRAMEWORK_SEARCH_PATHS = "$(inherited)";
				INFOPLIST_FILE = PhotoLibrary/Info.plist;
				IPHONEOS_DEPLOYMENT_TARGET = 7.0;
				LD_RUNPATH_SEARCH_PATHS = "$(inherited) @executable_path/Frameworks";
				LIBRARY_SEARCH_PATHS = (
					"$(inherited)",
					"$(PROJECT_DIR)/PhotoLibrary/Class/Vendor/Umeng",
					"$(PROJECT_DIR)/PhotoLibrary/Class/Vendor/WeChatSDK",
				);
				PRODUCT_BUNDLE_IDENTIFIER = com.photolib2016.app;
				PRODUCT_NAME = "$(TARGET_NAME)";
				PROVISIONING_PROFILE = "5cb6f49d-860c-4326-b9de-7daca80ecf59";
			};
			name = Debug;
		};
		BCB1AF7C1C0D51E6008AA006 /* Release */ = {
			isa = XCBuildConfiguration;
			baseConfigurationReference = 363CED1C18E7752E94C8DE41 /* Pods.release.xcconfig */;
			buildSettings = {
				ASSETCATALOG_COMPILER_APPICON_NAME = AppIcon;
				CODE_SIGN_IDENTITY = "iPhone Distribution: Mianzhu Zhongkai Auto Sales Co.,Ltd.";
				"CODE_SIGN_IDENTITY[sdk=iphoneos*]" = "iPhone Distribution: Mianzhu Zhongkai Auto Sales Co.,Ltd.";
				FRAMEWORK_SEARCH_PATHS = "$(inherited)";
				INFOPLIST_FILE = PhotoLibrary/Info.plist;
				IPHONEOS_DEPLOYMENT_TARGET = 7.0;
				LD_RUNPATH_SEARCH_PATHS = "$(inherited) @executable_path/Frameworks";
				LIBRARY_SEARCH_PATHS = (
					"$(inherited)",
					"$(PROJECT_DIR)/PhotoLibrary/Class/Vendor/Umeng",
					"$(PROJECT_DIR)/PhotoLibrary/Class/Vendor/WeChatSDK",
				);
				PRODUCT_BUNDLE_IDENTIFIER = com.photolib2016.app;
				PRODUCT_NAME = "$(TARGET_NAME)";
				PROVISIONING_PROFILE = "5cb6f49d-860c-4326-b9de-7daca80ecf59";
			};
			name = Release;
		};
		BCB1AF7E1C0D51E6008AA006 /* Debug */ = {
			isa = XCBuildConfiguration;
			buildSettings = {
				BUNDLE_LOADER = "$(TEST_HOST)";
				INFOPLIST_FILE = PhotoLibraryTests/Info.plist;
				LD_RUNPATH_SEARCH_PATHS = "$(inherited) @executable_path/Frameworks @loader_path/Frameworks";
				PRODUCT_BUNDLE_IDENTIFIER = com.iqu8.PhotoLibraryTests;
				PRODUCT_NAME = "$(TARGET_NAME)";
				TEST_HOST = "$(BUILT_PRODUCTS_DIR)/PhotoLibrary.app/PhotoLibrary";
			};
			name = Debug;
		};
		BCB1AF7F1C0D51E6008AA006 /* Release */ = {
			isa = XCBuildConfiguration;
			buildSettings = {
				BUNDLE_LOADER = "$(TEST_HOST)";
				INFOPLIST_FILE = PhotoLibraryTests/Info.plist;
				LD_RUNPATH_SEARCH_PATHS = "$(inherited) @executable_path/Frameworks @loader_path/Frameworks";
				PRODUCT_BUNDLE_IDENTIFIER = com.iqu8.PhotoLibraryTests;
				PRODUCT_NAME = "$(TARGET_NAME)";
				TEST_HOST = "$(BUILT_PRODUCTS_DIR)/PhotoLibrary.app/PhotoLibrary";
			};
			name = Release;
		};
		BCB1AF811C0D51E6008AA006 /* Debug */ = {
			isa = XCBuildConfiguration;
			buildSettings = {
				INFOPLIST_FILE = PhotoLibraryUITests/Info.plist;
				LD_RUNPATH_SEARCH_PATHS = "$(inherited) @executable_path/Frameworks @loader_path/Frameworks";
				PRODUCT_BUNDLE_IDENTIFIER = com.iqu8.PhotoLibraryUITests;
				PRODUCT_NAME = "$(TARGET_NAME)";
				TEST_TARGET_NAME = PhotoLibrary;
				USES_XCTRUNNER = YES;
			};
			name = Debug;
		};
		BCB1AF821C0D51E6008AA006 /* Release */ = {
			isa = XCBuildConfiguration;
			buildSettings = {
				INFOPLIST_FILE = PhotoLibraryUITests/Info.plist;
				LD_RUNPATH_SEARCH_PATHS = "$(inherited) @executable_path/Frameworks @loader_path/Frameworks";
				PRODUCT_BUNDLE_IDENTIFIER = com.iqu8.PhotoLibraryUITests;
				PRODUCT_NAME = "$(TARGET_NAME)";
				TEST_TARGET_NAME = PhotoLibrary;
				USES_XCTRUNNER = YES;
			};
			name = Release;
		};
/* End XCBuildConfiguration section */

/* Begin XCConfigurationList section */
		BCB1AF481C0D51E6008AA006 /* Build configuration list for PBXProject "PhotoLibrary" */ = {
			isa = XCConfigurationList;
			buildConfigurations = (
				BCB1AF781C0D51E6008AA006 /* Debug */,
				BCB1AF791C0D51E6008AA006 /* Release */,
			);
			defaultConfigurationIsVisible = 0;
			defaultConfigurationName = Release;
		};
		BCB1AF7A1C0D51E6008AA006 /* Build configuration list for PBXNativeTarget "PhotoLibrary" */ = {
			isa = XCConfigurationList;
			buildConfigurations = (
				BCB1AF7B1C0D51E6008AA006 /* Debug */,
				BCB1AF7C1C0D51E6008AA006 /* Release */,
			);
			defaultConfigurationIsVisible = 0;
			defaultConfigurationName = Release;
		};
		BCB1AF7D1C0D51E6008AA006 /* Build configuration list for PBXNativeTarget "PhotoLibraryTests" */ = {
			isa = XCConfigurationList;
			buildConfigurations = (
				BCB1AF7E1C0D51E6008AA006 /* Debug */,
				BCB1AF7F1C0D51E6008AA006 /* Release */,
			);
			defaultConfigurationIsVisible = 0;
			defaultConfigurationName = Release;
		};
		BCB1AF801C0D51E6008AA006 /* Build configuration list for PBXNativeTarget "PhotoLibraryUITests" */ = {
			isa = XCConfigurationList;
			buildConfigurations = (
				BCB1AF811C0D51E6008AA006 /* Debug */,
				BCB1AF821C0D51E6008AA006 /* Release */,
			);
			defaultConfigurationIsVisible = 0;
			defaultConfigurationName = Release;
		};
/* End XCConfigurationList section */
	};
	rootObject = BCB1AF451C0D51E6008AA006 /* Project object */;
}
